// !$*UTF8*$!
{
	archiveVersion = 1;
	classes = {
	};
	objectVersion = 56;
	objects = {

/* Begin PBXBuildFile section */
		D558EBE12C3E64B800DC62A6 /* Threads_iOSCloneApp.swift in Sources */ = {isa = PBXBuildFile; fileRef = D558EBE02C3E64B800DC62A6 /* Threads_iOSCloneApp.swift */; };
		D558EBE32C3E64B800DC62A6 /* ContentView.swift in Sources */ = {isa = PBXBuildFile; fileRef = D558EBE22C3E64B800DC62A6 /* ContentView.swift */; };
		D558EBE52C3E64B900DC62A6 /* Assets.xcassets in Resources */ = {isa = PBXBuildFile; fileRef = D558EBE42C3E64B900DC62A6 /* Assets.xcassets */; };
		D558EBE82C3E64B900DC62A6 /* Preview Assets.xcassets in Resources */ = {isa = PBXBuildFile; fileRef = D558EBE72C3E64B900DC62A6 /* Preview Assets.xcassets */; };
		D558EBF72C3E656A00DC62A6 /* LoginView.swift in Sources */ = {isa = PBXBuildFile; fileRef = D558EBF62C3E656A00DC62A6 /* LoginView.swift */; };
		D558EBF92C3E6C2A00DC62A6 /* RegistrationView.swift in Sources */ = {isa = PBXBuildFile; fileRef = D558EBF82C3E6C2A00DC62A6 /* RegistrationView.swift */; };
		D558EBFC2C3E6DD800DC62A6 /* TextFieldModifier.swift in Sources */ = {isa = PBXBuildFile; fileRef = D558EBFB2C3E6DD800DC62A6 /* TextFieldModifier.swift */; };
		D558EBFF2C3E6FAE00DC62A6 /* AppTabView.swift in Sources */ = {isa = PBXBuildFile; fileRef = D558EBFE2C3E6FAE00DC62A6 /* AppTabView.swift */; };
		D558EC032C3E738800DC62A6 /* FeedView.swift in Sources */ = {isa = PBXBuildFile; fileRef = D558EC022C3E738800DC62A6 /* FeedView.swift */; };
		D558EC072C3E73D600DC62A6 /* ExploreView.swift in Sources */ = {isa = PBXBuildFile; fileRef = D558EC062C3E73D600DC62A6 /* ExploreView.swift */; };
		D558EC0F2C3E748A00DC62A6 /* CreateThreadView.swift in Sources */ = {isa = PBXBuildFile; fileRef = D558EC0E2C3E748A00DC62A6 /* CreateThreadView.swift */; };
		D558EC112C3E749B00DC62A6 /* ActivityView.swift in Sources */ = {isa = PBXBuildFile; fileRef = D558EC102C3E749B00DC62A6 /* ActivityView.swift */; };
		D558EC132C3E74A800DC62A6 /* ProfileView.swift in Sources */ = {isa = PBXBuildFile; fileRef = D558EC122C3E74A800DC62A6 /* ProfileView.swift */; };
		D558EC152C3E767800DC62A6 /* ThreadCell.swift in Sources */ = {isa = PBXBuildFile; fileRef = D558EC142C3E767800DC62A6 /* ThreadCell.swift */; };
		D558EC182C3E878700DC62A6 /* CircleProfileImageView.swift in Sources */ = {isa = PBXBuildFile; fileRef = D558EC172C3E878700DC62A6 /* CircleProfileImageView.swift */; };
		D558EC1A2C3E883B00DC62A6 /* UserCell.swift in Sources */ = {isa = PBXBuildFile; fileRef = D558EC192C3E883B00DC62A6 /* UserCell.swift */; };
		D558EC1D2C3E8C2300DC62A6 /* ProfileThreadFilter.swift in Sources */ = {isa = PBXBuildFile; fileRef = D558EC1C2C3E8C2300DC62A6 /* ProfileThreadFilter.swift */; };
/* End PBXBuildFile section */

/* Begin PBXFileReference section */
		D558EBDD2C3E64B800DC62A6 /* Threads-iOSClone.app */ = {isa = PBXFileReference; explicitFileType = wrapper.application; includeInIndex = 0; path = "Threads-iOSClone.app"; sourceTree = BUILT_PRODUCTS_DIR; };
		D558EBE02C3E64B800DC62A6 /* Threads_iOSCloneApp.swift */ = {isa = PBXFileReference; lastKnownFileType = sourcecode.swift; path = Threads_iOSCloneApp.swift; sourceTree = "<group>"; };
		D558EBE22C3E64B800DC62A6 /* ContentView.swift */ = {isa = PBXFileReference; lastKnownFileType = sourcecode.swift; path = ContentView.swift; sourceTree = "<group>"; };
		D558EBE42C3E64B900DC62A6 /* Assets.xcassets */ = {isa = PBXFileReference; lastKnownFileType = folder.assetcatalog; path = Assets.xcassets; sourceTree = "<group>"; };
		D558EBE72C3E64B900DC62A6 /* Preview Assets.xcassets */ = {isa = PBXFileReference; lastKnownFileType = folder.assetcatalog; path = "Preview Assets.xcassets"; sourceTree = "<group>"; };
		D558EBF62C3E656A00DC62A6 /* LoginView.swift */ = {isa = PBXFileReference; lastKnownFileType = sourcecode.swift; path = LoginView.swift; sourceTree = "<group>"; };
		D558EBF82C3E6C2A00DC62A6 /* RegistrationView.swift */ = {isa = PBXFileReference; lastKnownFileType = sourcecode.swift; path = RegistrationView.swift; sourceTree = "<group>"; };
		D558EBFB2C3E6DD800DC62A6 /* TextFieldModifier.swift */ = {isa = PBXFileReference; lastKnownFileType = sourcecode.swift; path = TextFieldModifier.swift; sourceTree = "<group>"; };
		D558EBFE2C3E6FAE00DC62A6 /* AppTabView.swift */ = {isa = PBXFileReference; lastKnownFileType = sourcecode.swift; path = AppTabView.swift; sourceTree = "<group>"; };
		D558EC022C3E738800DC62A6 /* FeedView.swift */ = {isa = PBXFileReference; lastKnownFileType = sourcecode.swift; path = FeedView.swift; sourceTree = "<group>"; };
		D558EC062C3E73D600DC62A6 /* ExploreView.swift */ = {isa = PBXFileReference; lastKnownFileType = sourcecode.swift; path = ExploreView.swift; sourceTree = "<group>"; };
		D558EC0E2C3E748A00DC62A6 /* CreateThreadView.swift */ = {isa = PBXFileReference; lastKnownFileType = sourcecode.swift; path = CreateThreadView.swift; sourceTree = "<group>"; };
		D558EC102C3E749B00DC62A6 /* ActivityView.swift */ = {isa = PBXFileReference; lastKnownFileType = sourcecode.swift; path = ActivityView.swift; sourceTree = "<group>"; };
		D558EC122C3E74A800DC62A6 /* ProfileView.swift */ = {isa = PBXFileReference; lastKnownFileType = sourcecode.swift; path = ProfileView.swift; sourceTree = "<group>"; };
		D558EC142C3E767800DC62A6 /* ThreadCell.swift */ = {isa = PBXFileReference; lastKnownFileType = sourcecode.swift; path = ThreadCell.swift; sourceTree = "<group>"; };
		D558EC172C3E878700DC62A6 /* CircleProfileImageView.swift */ = {isa = PBXFileReference; lastKnownFileType = sourcecode.swift; path = CircleProfileImageView.swift; sourceTree = "<group>"; };
		D558EC192C3E883B00DC62A6 /* UserCell.swift */ = {isa = PBXFileReference; lastKnownFileType = sourcecode.swift; path = UserCell.swift; sourceTree = "<group>"; };
		D558EC1C2C3E8C2300DC62A6 /* ProfileThreadFilter.swift */ = {isa = PBXFileReference; lastKnownFileType = sourcecode.swift; path = ProfileThreadFilter.swift; sourceTree = "<group>"; };
/* End PBXFileReference section */

/* Begin PBXFrameworksBuildPhase section */
		D558EBDA2C3E64B800DC62A6 /* Frameworks */ = {
			isa = PBXFrameworksBuildPhase;
			buildActionMask = 2147483647;
			files = (
			);
			runOnlyForDeploymentPostprocessing = 0;
		};
/* End PBXFrameworksBuildPhase section */

/* Begin PBXGroup section */
		D558EBD42C3E64B800DC62A6 = {
			isa = PBXGroup;
			children = (
				D558EBDF2C3E64B800DC62A6 /* Threads-iOSClone */,
				D558EBDE2C3E64B800DC62A6 /* Products */,
			);
			sourceTree = "<group>";
		};
		D558EBDE2C3E64B800DC62A6 /* Products */ = {
			isa = PBXGroup;
			children = (
				D558EBDD2C3E64B800DC62A6 /* Threads-iOSClone.app */,
			);
			name = Products;
			sourceTree = "<group>";
		};
		D558EBDF2C3E64B800DC62A6 /* Threads-iOSClone */ = {
			isa = PBXGroup;
			children = (
				D558EBEF2C3E64F200DC62A6 /* App */,
				D558EBF22C3E650A00DC62A6 /* Services */,
				D558EBF12C3E650300DC62A6 /* Model */,
				D558EBF02C3E64F900DC62A6 /* Extensions */,
				D558EBFA2C3E6DB500DC62A6 /* Utils */,
				D558EBEE2C3E64ED00DC62A6 /* Core */,
				D558EBE42C3E64B900DC62A6 /* Assets.xcassets */,
				D558EBE62C3E64B900DC62A6 /* Preview Content */,
			);
			path = "Threads-iOSClone";
			sourceTree = "<group>";
		};
		D558EBE62C3E64B900DC62A6 /* Preview Content */ = {
			isa = PBXGroup;
			children = (
				D558EBE72C3E64B900DC62A6 /* Preview Assets.xcassets */,
			);
			path = "Preview Content";
			sourceTree = "<group>";
		};
		D558EBEE2C3E64ED00DC62A6 /* Core */ = {
			isa = PBXGroup;
			children = (
				D558EC092C3E744D00DC62A6 /* Activity */,
				D558EBF32C3E653500DC62A6 /* Auth */,
				D558EC162C3E877100DC62A6 /* Components */,
				D558EC042C3E73BF00DC62A6 /* Explore */,
				D558EC002C3E735F00DC62A6 /* Feed */,
				D558EC0A2C3E745700DC62A6 /* Profile */,
				D558EBFD2C3E6F9800DC62A6 /* Tabbar */,
				D558EC082C3E73FD00DC62A6 /* ThreadCreation */,
				D558EBF52C3E655100DC62A6 /* Root */,
			);
			path = Core;
			sourceTree = "<group>";
		};
		D558EBEF2C3E64F200DC62A6 /* App */ = {
			isa = PBXGroup;
			children = (
				D558EBE02C3E64B800DC62A6 /* Threads_iOSCloneApp.swift */,
			);
			path = App;
			sourceTree = "<group>";
		};
		D558EBF02C3E64F900DC62A6 /* Extensions */ = {
			isa = PBXGroup;
			children = (
			);
			path = Extensions;
			sourceTree = "<group>";
		};
		D558EBF12C3E650300DC62A6 /* Model */ = {
			isa = PBXGroup;
			children = (
			);
			path = Model;
			sourceTree = "<group>";
		};
		D558EBF22C3E650A00DC62A6 /* Services */ = {
			isa = PBXGroup;
			children = (
			);
			path = Services;
			sourceTree = "<group>";
		};
		D558EBF32C3E653500DC62A6 /* Auth */ = {
			isa = PBXGroup;
			children = (
				D558EBF42C3E653D00DC62A6 /* View */,
			);
			path = Auth;
			sourceTree = "<group>";
		};
		D558EBF42C3E653D00DC62A6 /* View */ = {
			isa = PBXGroup;
			children = (
				D558EBF62C3E656A00DC62A6 /* LoginView.swift */,
				D558EBF82C3E6C2A00DC62A6 /* RegistrationView.swift */,
			);
			path = View;
			sourceTree = "<group>";
		};
		D558EBF52C3E655100DC62A6 /* Root */ = {
			isa = PBXGroup;
			children = (
				D558EBE22C3E64B800DC62A6 /* ContentView.swift */,
			);
			path = Root;
			sourceTree = "<group>";
		};
		D558EBFA2C3E6DB500DC62A6 /* Utils */ = {
			isa = PBXGroup;
			children = (
				D558EBFB2C3E6DD800DC62A6 /* TextFieldModifier.swift */,
			);
			path = Utils;
			sourceTree = "<group>";
		};
		D558EBFD2C3E6F9800DC62A6 /* Tabbar */ = {
			isa = PBXGroup;
			children = (
				D558EBFE2C3E6FAE00DC62A6 /* AppTabView.swift */,
			);
			path = Tabbar;
			sourceTree = "<group>";
		};
		D558EC002C3E735F00DC62A6 /* Feed */ = {
			isa = PBXGroup;
			children = (
				D558EC012C3E736B00DC62A6 /* View */,
			);
			path = Feed;
			sourceTree = "<group>";
		};
		D558EC012C3E736B00DC62A6 /* View */ = {
			isa = PBXGroup;
			children = (
				D558EC022C3E738800DC62A6 /* FeedView.swift */,
			);
			path = View;
			sourceTree = "<group>";
		};
		D558EC042C3E73BF00DC62A6 /* Explore */ = {
			isa = PBXGroup;
			children = (
				D558EC052C3E73C600DC62A6 /* View */,
			);
			path = Explore;
			sourceTree = "<group>";
		};
		D558EC052C3E73C600DC62A6 /* View */ = {
			isa = PBXGroup;
			children = (
				D558EC062C3E73D600DC62A6 /* ExploreView.swift */,
			);
			path = View;
			sourceTree = "<group>";
		};
		D558EC082C3E73FD00DC62A6 /* ThreadCreation */ = {
			isa = PBXGroup;
			children = (
				D558EC0B2C3E746300DC62A6 /* View */,
			);
			path = ThreadCreation;
			sourceTree = "<group>";
		};
		D558EC092C3E744D00DC62A6 /* Activity */ = {
			isa = PBXGroup;
			children = (
				D558EC0C2C3E746800DC62A6 /* View */,
			);
			path = Activity;
			sourceTree = "<group>";
		};
		D558EC0A2C3E745700DC62A6 /* Profile */ = {
			isa = PBXGroup;
			children = (
				D558EC1B2C3E8C0F00DC62A6 /* Model */,
				D558EC0D2C3E746C00DC62A6 /* View */,
			);
			path = Profile;
			sourceTree = "<group>";
		};
		D558EC0B2C3E746300DC62A6 /* View */ = {
			isa = PBXGroup;
			children = (
				D558EC0E2C3E748A00DC62A6 /* CreateThreadView.swift */,
			);
			path = View;
			sourceTree = "<group>";
		};
		D558EC0C2C3E746800DC62A6 /* View */ = {
			isa = PBXGroup;
			children = (
				D558EC102C3E749B00DC62A6 /* ActivityView.swift */,
			);
			path = View;
			sourceTree = "<group>";
		};
		D558EC0D2C3E746C00DC62A6 /* View */ = {
			isa = PBXGroup;
			children = (
				D558EC122C3E74A800DC62A6 /* ProfileView.swift */,
			);
			path = View;
			sourceTree = "<group>";
		};
		D558EC162C3E877100DC62A6 /* Components */ = {
			isa = PBXGroup;
			children = (
				D558EC172C3E878700DC62A6 /* CircleProfileImageView.swift */,
				D558EC192C3E883B00DC62A6 /* UserCell.swift */,
				D558EC142C3E767800DC62A6 /* ThreadCell.swift */,
			);
			path = Components;
			sourceTree = "<group>";
		};
		D558EC1B2C3E8C0F00DC62A6 /* Model */ = {
			isa = PBXGroup;
			children = (
				D558EC1C2C3E8C2300DC62A6 /* ProfileThreadFilter.swift */,
			);
			path = Model;
			sourceTree = "<group>";
		};
/* End PBXGroup section */

/* Begin PBXNativeTarget section */
		D558EBDC2C3E64B800DC62A6 /* Threads-iOSClone */ = {
			isa = PBXNativeTarget;
			buildConfigurationList = D558EBEB2C3E64B900DC62A6 /* Build configuration list for PBXNativeTarget "Threads-iOSClone" */;
			buildPhases = (
				D558EBD92C3E64B800DC62A6 /* Sources */,
				D558EBDA2C3E64B800DC62A6 /* Frameworks */,
				D558EBDB2C3E64B800DC62A6 /* Resources */,
			);
			buildRules = (
			);
			dependencies = (
			);
			name = "Threads-iOSClone";
			productName = "Threads-iOSClone";
			productReference = D558EBDD2C3E64B800DC62A6 /* Threads-iOSClone.app */;
			productType = "com.apple.product-type.application";
		};
/* End PBXNativeTarget section */

/* Begin PBXProject section */
		D558EBD52C3E64B800DC62A6 /* Project object */ = {
			isa = PBXProject;
			attributes = {
				BuildIndependentTargetsInParallel = 1;
				LastSwiftUpdateCheck = 1510;
				LastUpgradeCheck = 1510;
				TargetAttributes = {
					D558EBDC2C3E64B800DC62A6 = {
						CreatedOnToolsVersion = 15.1;
					};
				};
			};
			buildConfigurationList = D558EBD82C3E64B800DC62A6 /* Build configuration list for PBXProject "Threads-iOSClone" */;
			compatibilityVersion = "Xcode 14.0";
			developmentRegion = en;
			hasScannedForEncodings = 0;
			knownRegions = (
				en,
				Base,
			);
			mainGroup = D558EBD42C3E64B800DC62A6;
			productRefGroup = D558EBDE2C3E64B800DC62A6 /* Products */;
			projectDirPath = "";
			projectRoot = "";
			targets = (
				D558EBDC2C3E64B800DC62A6 /* Threads-iOSClone */,
			);
		};
/* End PBXProject section */

/* Begin PBXResourcesBuildPhase section */
		D558EBDB2C3E64B800DC62A6 /* Resources */ = {
			isa = PBXResourcesBuildPhase;
			buildActionMask = 2147483647;
			files = (
				D558EBE82C3E64B900DC62A6 /* Preview Assets.xcassets in Resources */,
				D558EBE52C3E64B900DC62A6 /* Assets.xcassets in Resources */,
			);
			runOnlyForDeploymentPostprocessing = 0;
		};
/* End PBXResourcesBuildPhase section */

/* Begin PBXSourcesBuildPhase section */
		D558EBD92C3E64B800DC62A6 /* Sources */ = {
			isa = PBXSourcesBuildPhase;
			buildActionMask = 2147483647;
			files = (
				D558EC032C3E738800DC62A6 /* FeedView.swift in Sources */,
				D558EBF72C3E656A00DC62A6 /* LoginView.swift in Sources */,
				D558EBFC2C3E6DD800DC62A6 /* TextFieldModifier.swift in Sources */,
				D558EC182C3E878700DC62A6 /* CircleProfileImageView.swift in Sources */,
				D558EC152C3E767800DC62A6 /* ThreadCell.swift in Sources */,
				D558EC112C3E749B00DC62A6 /* ActivityView.swift in Sources */,
				D558EC1A2C3E883B00DC62A6 /* UserCell.swift in Sources */,
				D558EC0F2C3E748A00DC62A6 /* CreateThreadView.swift in Sources */,
				D558EC1D2C3E8C2300DC62A6 /* ProfileThreadFilter.swift in Sources */,
				D558EBE32C3E64B800DC62A6 /* ContentView.swift in Sources */,
				D558EBE12C3E64B800DC62A6 /* Threads_iOSCloneApp.swift in Sources */,
				D558EBFF2C3E6FAE00DC62A6 /* AppTabView.swift in Sources */,
				D558EC072C3E73D600DC62A6 /* ExploreView.swift in Sources */,
				D558EC132C3E74A800DC62A6 /* ProfileView.swift in Sources */,
				D558EBF92C3E6C2A00DC62A6 /* RegistrationView.swift in Sources */,
			);
			runOnlyForDeploymentPostprocessing = 0;
		};
/* End PBXSourcesBuildPhase section */

/* Begin XCBuildConfiguration section */
		D558EBE92C3E64B900DC62A6 /* Debug */ = {
			isa = XCBuildConfiguration;
			buildSettings = {
				ALWAYS_SEARCH_USER_PATHS = NO;
				ASSETCATALOG_COMPILER_GENERATE_SWIFT_ASSET_SYMBOL_EXTENSIONS = YES;
				CLANG_ANALYZER_NONNULL = YES;
				CLANG_ANALYZER_NUMBER_OBJECT_CONVERSION = YES_AGGRESSIVE;
				CLANG_CXX_LANGUAGE_STANDARD = "gnu++20";
				CLANG_ENABLE_MODULES = YES;
				CLANG_ENABLE_OBJC_ARC = YES;
				CLANG_ENABLE_OBJC_WEAK = YES;
				CLANG_WARN_BLOCK_CAPTURE_AUTORELEASING = YES;
				CLANG_WARN_BOOL_CONVERSION = YES;
				CLANG_WARN_COMMA = YES;
				CLANG_WARN_CONSTANT_CONVERSION = YES;
				CLANG_WARN_DEPRECATED_OBJC_IMPLEMENTATIONS = YES;
				CLANG_WARN_DIRECT_OBJC_ISA_USAGE = YES_ERROR;
				CLANG_WARN_DOCUMENTATION_COMMENTS = YES;
				CLANG_WARN_EMPTY_BODY = YES;
				CLANG_WARN_ENUM_CONVERSION = YES;
				CLANG_WARN_INFINITE_RECURSION = YES;
				CLANG_WARN_INT_CONVERSION = YES;
				CLANG_WARN_NON_LITERAL_NULL_CONVERSION = YES;
				CLANG_WARN_OBJC_IMPLICIT_RETAIN_SELF = YES;
				CLANG_WARN_OBJC_LITERAL_CONVERSION = YES;
				CLANG_WARN_OBJC_ROOT_CLASS = YES_ERROR;
				CLANG_WARN_QUOTED_INCLUDE_IN_FRAMEWORK_HEADER = YES;
				CLANG_WARN_RANGE_LOOP_ANALYSIS = YES;
				CLANG_WARN_STRICT_PROTOTYPES = YES;
				CLANG_WARN_SUSPICIOUS_MOVE = YES;
				CLANG_WARN_UNGUARDED_AVAILABILITY = YES_AGGRESSIVE;
				CLANG_WARN_UNREACHABLE_CODE = YES;
				CLANG_WARN__DUPLICATE_METHOD_MATCH = YES;
				COPY_PHASE_STRIP = NO;
				DEBUG_INFORMATION_FORMAT = dwarf;
				ENABLE_STRICT_OBJC_MSGSEND = YES;
				ENABLE_TESTABILITY = YES;
				ENABLE_USER_SCRIPT_SANDBOXING = YES;
				GCC_C_LANGUAGE_STANDARD = gnu17;
				GCC_DYNAMIC_NO_PIC = NO;
				GCC_NO_COMMON_BLOCKS = YES;
				GCC_OPTIMIZATION_LEVEL = 0;
				GCC_PREPROCESSOR_DEFINITIONS = (
					"DEBUG=1",
					"$(inherited)",
				);
				GCC_WARN_64_TO_32_BIT_CONVERSION = YES;
				GCC_WARN_ABOUT_RETURN_TYPE = YES_ERROR;
				GCC_WARN_UNDECLARED_SELECTOR = YES;
				GCC_WARN_UNINITIALIZED_AUTOS = YES_AGGRESSIVE;
				GCC_WARN_UNUSED_FUNCTION = YES;
				GCC_WARN_UNUSED_VARIABLE = YES;
				IPHONEOS_DEPLOYMENT_TARGET = 17.2;
				LOCALIZATION_PREFERS_STRING_CATALOGS = YES;
				MTL_ENABLE_DEBUG_INFO = INCLUDE_SOURCE;
				MTL_FAST_MATH = YES;
				ONLY_ACTIVE_ARCH = YES;
				SDKROOT = iphoneos;
				SWIFT_ACTIVE_COMPILATION_CONDITIONS = "DEBUG $(inherited)";
				SWIFT_OPTIMIZATION_LEVEL = "-Onone";
			};
			name = Debug;
		};
		D558EBEA2C3E64B900DC62A6 /* Release */ = {
			isa = XCBuildConfiguration;
			buildSettings = {
				ALWAYS_SEARCH_USER_PATHS = NO;
				ASSETCATALOG_COMPILER_GENERATE_SWIFT_ASSET_SYMBOL_EXTENSIONS = YES;
				CLANG_ANALYZER_NONNULL = YES;
				CLANG_ANALYZER_NUMBER_OBJECT_CONVERSION = YES_AGGRESSIVE;
				CLANG_CXX_LANGUAGE_STANDARD = "gnu++20";
				CLANG_ENABLE_MODULES = YES;
				CLANG_ENABLE_OBJC_ARC = YES;
				CLANG_ENABLE_OBJC_WEAK = YES;
				CLANG_WARN_BLOCK_CAPTURE_AUTORELEASING = YES;
				CLANG_WARN_BOOL_CONVERSION = YES;
				CLANG_WARN_COMMA = YES;
				CLANG_WARN_CONSTANT_CONVERSION = YES;
				CLANG_WARN_DEPRECATED_OBJC_IMPLEMENTATIONS = YES;
				CLANG_WARN_DIRECT_OBJC_ISA_USAGE = YES_ERROR;
				CLANG_WARN_DOCUMENTATION_COMMENTS = YES;
				CLANG_WARN_EMPTY_BODY = YES;
				CLANG_WARN_ENUM_CONVERSION = YES;
				CLANG_WARN_INFINITE_RECURSION = YES;
				CLANG_WARN_INT_CONVERSION = YES;
				CLANG_WARN_NON_LITERAL_NULL_CONVERSION = YES;
				CLANG_WARN_OBJC_IMPLICIT_RETAIN_SELF = YES;
				CLANG_WARN_OBJC_LITERAL_CONVERSION = YES;
				CLANG_WARN_OBJC_ROOT_CLASS = YES_ERROR;
				CLANG_WARN_QUOTED_INCLUDE_IN_FRAMEWORK_HEADER = YES;
				CLANG_WARN_RANGE_LOOP_ANALYSIS = YES;
				CLANG_WARN_STRICT_PROTOTYPES = YES;
				CLANG_WARN_SUSPICIOUS_MOVE = YES;
				CLANG_WARN_UNGUARDED_AVAILABILITY = YES_AGGRESSIVE;
				CLANG_WARN_UNREACHABLE_CODE = YES;
				CLANG_WARN__DUPLICATE_METHOD_MATCH = YES;
				COPY_PHASE_STRIP = NO;
				DEBUG_INFORMATION_FORMAT = "dwarf-with-dsym";
				ENABLE_NS_ASSERTIONS = NO;
				ENABLE_STRICT_OBJC_MSGSEND = YES;
				ENABLE_USER_SCRIPT_SANDBOXING = YES;
				GCC_C_LANGUAGE_STANDARD = gnu17;
				GCC_NO_COMMON_BLOCKS = YES;
				GCC_WARN_64_TO_32_BIT_CONVERSION = YES;
				GCC_WARN_ABOUT_RETURN_TYPE = YES_ERROR;
				GCC_WARN_UNDECLARED_SELECTOR = YES;
				GCC_WARN_UNINITIALIZED_AUTOS = YES_AGGRESSIVE;
				GCC_WARN_UNUSED_FUNCTION = YES;
				GCC_WARN_UNUSED_VARIABLE = YES;
				IPHONEOS_DEPLOYMENT_TARGET = 17.2;
				LOCALIZATION_PREFERS_STRING_CATALOGS = YES;
				MTL_ENABLE_DEBUG_INFO = NO;
				MTL_FAST_MATH = YES;
				SDKROOT = iphoneos;
				SWIFT_COMPILATION_MODE = wholemodule;
				VALIDATE_PRODUCT = YES;
			};
			name = Release;
		};
		D558EBEC2C3E64B900DC62A6 /* Debug */ = {
			isa = XCBuildConfiguration;
			buildSettings = {
				ASSETCATALOG_COMPILER_APPICON_NAME = AppIcon;
				ASSETCATALOG_COMPILER_GLOBAL_ACCENT_COLOR_NAME = AccentColor;
				CODE_SIGN_STYLE = Automatic;
				CURRENT_PROJECT_VERSION = 1;
				DEVELOPMENT_ASSET_PATHS = "\"Threads-iOSClone/Preview Content\"";
				DEVELOPMENT_TEAM = TJ4DPFCMFY;
				ENABLE_PREVIEWS = YES;
				GENERATE_INFOPLIST_FILE = YES;
				INFOPLIST_KEY_UIApplicationSceneManifest_Generation = YES;
				INFOPLIST_KEY_UIApplicationSupportsIndirectInputEvents = YES;
				INFOPLIST_KEY_UILaunchScreen_Generation = YES;
				INFOPLIST_KEY_UISupportedInterfaceOrientations_iPad = "UIInterfaceOrientationPortrait UIInterfaceOrientationPortraitUpsideDown UIInterfaceOrientationLandscapeLeft UIInterfaceOrientationLandscapeRight";
				INFOPLIST_KEY_UISupportedInterfaceOrientations_iPhone = "UIInterfaceOrientationPortrait UIInterfaceOrientationLandscapeLeft UIInterfaceOrientationLandscapeRight";
				LD_RUNPATH_SEARCH_PATHS = (
					"$(inherited)",
					"@executable_path/Frameworks",
				);
				MARKETING_VERSION = 1.0;
				PRODUCT_BUNDLE_IDENTIFIER = "cove.Threads-iOSClone";
				PRODUCT_NAME = "$(TARGET_NAME)";
				SWIFT_EMIT_LOC_STRINGS = YES;
				SWIFT_VERSION = 5.0;
				TARGETED_DEVICE_FAMILY = "1,2";
			};
			name = Debug;
		};
		D558EBED2C3E64B900DC62A6 /* Release */ = {
			isa = XCBuildConfiguration;
			buildSettings = {
				ASSETCATALOG_COMPILER_APPICON_NAME = AppIcon;
				ASSETCATALOG_COMPILER_GLOBAL_ACCENT_COLOR_NAME = AccentColor;
				CODE_SIGN_STYLE = Automatic;
				CURRENT_PROJECT_VERSION = 1;
				DEVELOPMENT_ASSET_PATHS = "\"Threads-iOSClone/Preview Content\"";
				DEVELOPMENT_TEAM = TJ4DPFCMFY;
				ENABLE_PREVIEWS = YES;
				GENERATE_INFOPLIST_FILE = YES;
				INFOPLIST_KEY_UIApplicationSceneManifest_Generation = YES;
				INFOPLIST_KEY_UIApplicationSupportsIndirectInputEvents = YES;
				INFOPLIST_KEY_UILaunchScreen_Generation = YES;
				INFOPLIST_KEY_UISupportedInterfaceOrientations_iPad = "UIInterfaceOrientationPortrait UIInterfaceOrientationPortraitUpsideDown UIInterfaceOrientationLandscapeLeft UIInterfaceOrientationLandscapeRight";
				INFOPLIST_KEY_UISupportedInterfaceOrientations_iPhone = "UIInterfaceOrientationPortrait UIInterfaceOrientationLandscapeLeft UIInterfaceOrientationLandscapeRight";
				LD_RUNPATH_SEARCH_PATHS = (
					"$(inherited)",
					"@executable_path/Frameworks",
				);
				MARKETING_VERSION = 1.0;
				PRODUCT_BUNDLE_IDENTIFIER = "cove.Threads-iOSClone";
				PRODUCT_NAME = "$(TARGET_NAME)";
				SWIFT_EMIT_LOC_STRINGS = YES;
				SWIFT_VERSION = 5.0;
				TARGETED_DEVICE_FAMILY = "1,2";
			};
			name = Release;
		};
/* End XCBuildConfiguration section */

/* Begin XCConfigurationList section */
		D558EBD82C3E64B800DC62A6 /* Build configuration list for PBXProject "Threads-iOSClone" */ = {
			isa = XCConfigurationList;
			buildConfigurations = (
				D558EBE92C3E64B900DC62A6 /* Debug */,
				D558EBEA2C3E64B900DC62A6 /* Release */,
			);
			defaultConfigurationIsVisible = 0;
			defaultConfigurationName = Release;
		};
		D558EBEB2C3E64B900DC62A6 /* Build configuration list for PBXNativeTarget "Threads-iOSClone" */ = {
			isa = XCConfigurationList;
			buildConfigurations = (
				D558EBEC2C3E64B900DC62A6 /* Debug */,
				D558EBED2C3E64B900DC62A6 /* Release */,
			);
			defaultConfigurationIsVisible = 0;
			defaultConfigurationName = Release;
		};
/* End XCConfigurationList section */
	};
	rootObject = D558EBD52C3E64B800DC62A6 /* Project object */;
}
