// !$*UTF8*$!
{
	archiveVersion = 1;
	classes = {
	};
	objectVersion = 56;
	objects = {

/* Begin PBXBuildFile section */
		D527BF1D2C46383100E05BE2 /* EditProfileView.swift in Sources */ = {isa = PBXBuildFile; fileRef = D527BF1C2C46383100E05BE2 /* EditProfileView.swift */; };
		D558EBE12C3E64B800DC62A6 /* Threads_iOSCloneApp.swift in Sources */ = {isa = PBXBuildFile; fileRef = D558EBE02C3E64B800DC62A6 /* Threads_iOSCloneApp.swift */; };
		D558EBE32C3E64B800DC62A6 /* ContentView.swift in Sources */ = {isa = PBXBuildFile; fileRef = D558EBE22C3E64B800DC62A6 /* ContentView.swift */; };
		D558EBE52C3E64B900DC62A6 /* Assets.xcassets in Resources */ = {isa = PBXBuildFile; fileRef = D558EBE42C3E64B900DC62A6 /* Assets.xcassets */; };
		D558EBE82C3E64B900DC62A6 /* Preview Assets.xcassets in Resources */ = {isa = PBXBuildFile; fileRef = D558EBE72C3E64B900DC62A6 /* Preview Assets.xcassets */; };
		D558EBF72C3E656A00DC62A6 /* LoginView.swift in Sources */ = {isa = PBXBuildFile; fileRef = D558EBF62C3E656A00DC62A6 /* LoginView.swift */; };
		D558EBF92C3E6C2A00DC62A6 /* RegistrationView.swift in Sources */ = {isa = PBXBuildFile; fileRef = D558EBF82C3E6C2A00DC62A6 /* RegistrationView.swift */; };
		D558EBFC2C3E6DD800DC62A6 /* TextFieldModifier.swift in Sources */ = {isa = PBXBuildFile; fileRef = D558EBFB2C3E6DD800DC62A6 /* TextFieldModifier.swift */; };
		D558EBFF2C3E6FAE00DC62A6 /* AppTabView.swift in Sources */ = {isa = PBXBuildFile; fileRef = D558EBFE2C3E6FAE00DC62A6 /* AppTabView.swift */; };
		D558EC032C3E738800DC62A6 /* FeedView.swift in Sources */ = {isa = PBXBuildFile; fileRef = D558EC022C3E738800DC62A6 /* FeedView.swift */; };
		D558EC072C3E73D600DC62A6 /* ExploreView.swift in Sources */ = {isa = PBXBuildFile; fileRef = D558EC062C3E73D600DC62A6 /* ExploreView.swift */; };
		D558EC0F2C3E748A00DC62A6 /* CreateThreadView.swift in Sources */ = {isa = PBXBuildFile; fileRef = D558EC0E2C3E748A00DC62A6 /* CreateThreadView.swift */; };
		D558EC112C3E749B00DC62A6 /* ActivityView.swift in Sources */ = {isa = PBXBuildFile; fileRef = D558EC102C3E749B00DC62A6 /* ActivityView.swift */; };
		D558EC132C3E74A800DC62A6 /* ProfileView.swift in Sources */ = {isa = PBXBuildFile; fileRef = D558EC122C3E74A800DC62A6 /* ProfileView.swift */; };
		D558EC152C3E767800DC62A6 /* ThreadCell.swift in Sources */ = {isa = PBXBuildFile; fileRef = D558EC142C3E767800DC62A6 /* ThreadCell.swift */; };
		D558EC182C3E878700DC62A6 /* CircleProfileImageView.swift in Sources */ = {isa = PBXBuildFile; fileRef = D558EC172C3E878700DC62A6 /* CircleProfileImageView.swift */; };
		D558EC1A2C3E883B00DC62A6 /* UserCell.swift in Sources */ = {isa = PBXBuildFile; fileRef = D558EC192C3E883B00DC62A6 /* UserCell.swift */; };
		D558EC1D2C3E8C2300DC62A6 /* ProfileThreadFilter.swift in Sources */ = {isa = PBXBuildFile; fileRef = D558EC1C2C3E8C2300DC62A6 /* ProfileThreadFilter.swift */; };
		D559EC282C7F08C00058302A /* CurrentUserProfileView.swift in Sources */ = {isa = PBXBuildFile; fileRef = D559EC272C7F08C00058302A /* CurrentUserProfileView.swift */; };
		D559EC2A2C7F08D50058302A /* OtherUserProfileView.swift in Sources */ = {isa = PBXBuildFile; fileRef = D559EC292C7F08D50058302A /* OtherUserProfileView.swift */; };
		D559EC2D2C7F1B5E0058302A /* ProfileHeaderView.swift in Sources */ = {isa = PBXBuildFile; fileRef = D559EC2C2C7F1B5E0058302A /* ProfileHeaderView.swift */; };
		D559EC2F2C7F1CEF0058302A /* UserContentListView.swift in Sources */ = {isa = PBXBuildFile; fileRef = D559EC2E2C7F1CEF0058302A /* UserContentListView.swift */; };
		D559EC332C80056B0058302A /* EditProfileViewModel.swift in Sources */ = {isa = PBXBuildFile; fileRef = D559EC322C80056B0058302A /* EditProfileViewModel.swift */; };
		D559EC352C8008870058302A /* ImageUploader.swift in Sources */ = {isa = PBXBuildFile; fileRef = D559EC342C8008870058302A /* ImageUploader.swift */; };
		D559EC372C801E500058302A /* Thread.swift in Sources */ = {isa = PBXBuildFile; fileRef = D559EC362C801E500058302A /* Thread.swift */; };
		D559EC3A2C801F320058302A /* CreateThreadViewModel.swift in Sources */ = {isa = PBXBuildFile; fileRef = D559EC392C801F320058302A /* CreateThreadViewModel.swift */; };
		D559EC3D2C801F520058302A /* ThreadService.swift in Sources */ = {isa = PBXBuildFile; fileRef = D559EC3C2C801F520058302A /* ThreadService.swift */; };
		D559EC402C8026410058302A /* FeedViewModel.swift in Sources */ = {isa = PBXBuildFile; fileRef = D559EC3F2C8026410058302A /* FeedViewModel.swift */; };
		D559EC432C8042400058302A /* UserContentViewModel.swift in Sources */ = {isa = PBXBuildFile; fileRef = D559EC422C8042400058302A /* UserContentViewModel.swift */; };
		D559EC452C8047E90058302A /* Timestamp.swift in Sources */ = {isa = PBXBuildFile; fileRef = D559EC442C8047E90058302A /* Timestamp.swift */; };
		D559EC482C805E420058302A /* Kingfisher in Frameworks */ = {isa = PBXBuildFile; productRef = D559EC472C805E420058302A /* Kingfisher */; };
		D56DF3E32C68A4EC002521E1 /* ContentViewModel.swift in Sources */ = {isa = PBXBuildFile; fileRef = D56DF3E22C68A4EC002521E1 /* ContentViewModel.swift */; };
		D56DF3E52C68A967002521E1 /* LoginViewModel.swift in Sources */ = {isa = PBXBuildFile; fileRef = D56DF3E42C68A967002521E1 /* LoginViewModel.swift */; };
		D56DF3E72C68ADC0002521E1 /* User.swift in Sources */ = {isa = PBXBuildFile; fileRef = D56DF3E62C68ADC0002521E1 /* User.swift */; };
		D56DF3EA2C68B187002521E1 /* UserService.swift in Sources */ = {isa = PBXBuildFile; fileRef = D56DF3E92C68B187002521E1 /* UserService.swift */; };
		D56DF3ED2C68B455002521E1 /* ProfileViewModel.swift in Sources */ = {isa = PBXBuildFile; fileRef = D56DF3EC2C68B455002521E1 /* ProfileViewModel.swift */; };
		D56DF3F02C68BF42002521E1 /* ExploreViewModel.swift in Sources */ = {isa = PBXBuildFile; fileRef = D56DF3EF2C68BF42002521E1 /* ExploreViewModel.swift */; };
		D56DF3F22C68C26B002521E1 /* PreviewProvider.swift in Sources */ = {isa = PBXBuildFile; fileRef = D56DF3F12C68C26B002521E1 /* PreviewProvider.swift */; };
		D5CD2B1F2C56247100A000E6 /* GoogleService-Info.plist in Resources */ = {isa = PBXBuildFile; fileRef = D5CD2B1E2C56247100A000E6 /* GoogleService-Info.plist */; };
		D5CD2B222C56251D00A000E6 /* FirebaseAnalytics in Frameworks */ = {isa = PBXBuildFile; productRef = D5CD2B212C56251D00A000E6 /* FirebaseAnalytics */; };
		D5CD2B242C56251D00A000E6 /* FirebaseAnalyticsOnDeviceConversion in Frameworks */ = {isa = PBXBuildFile; productRef = D5CD2B232C56251D00A000E6 /* FirebaseAnalyticsOnDeviceConversion */; };
		D5CD2B262C56251D00A000E6 /* FirebaseAnalyticsSwift in Frameworks */ = {isa = PBXBuildFile; productRef = D5CD2B252C56251D00A000E6 /* FirebaseAnalyticsSwift */; };
		D5CD2B282C56251D00A000E6 /* FirebaseAnalyticsWithoutAdIdSupport in Frameworks */ = {isa = PBXBuildFile; productRef = D5CD2B272C56251D00A000E6 /* FirebaseAnalyticsWithoutAdIdSupport */; };
		D5CD2B2A2C56251D00A000E6 /* FirebaseAppCheck in Frameworks */ = {isa = PBXBuildFile; productRef = D5CD2B292C56251D00A000E6 /* FirebaseAppCheck */; };
		D5CD2B2C2C56251D00A000E6 /* FirebaseAppDistribution-Beta in Frameworks */ = {isa = PBXBuildFile; productRef = D5CD2B2B2C56251D00A000E6 /* FirebaseAppDistribution-Beta */; };
		D5CD2B2E2C56251D00A000E6 /* FirebaseAuth in Frameworks */ = {isa = PBXBuildFile; productRef = D5CD2B2D2C56251D00A000E6 /* FirebaseAuth */; };
		D5CD2B302C56251D00A000E6 /* FirebaseAuthCombine-Community in Frameworks */ = {isa = PBXBuildFile; productRef = D5CD2B2F2C56251D00A000E6 /* FirebaseAuthCombine-Community */; };
		D5CD2B322C56251D00A000E6 /* FirebaseCrashlytics in Frameworks */ = {isa = PBXBuildFile; productRef = D5CD2B312C56251D00A000E6 /* FirebaseCrashlytics */; };
		D5CD2B342C56251D00A000E6 /* FirebaseDatabase in Frameworks */ = {isa = PBXBuildFile; productRef = D5CD2B332C56251D00A000E6 /* FirebaseDatabase */; };
		D5CD2B362C56251D00A000E6 /* FirebaseDatabaseSwift in Frameworks */ = {isa = PBXBuildFile; productRef = D5CD2B352C56251D00A000E6 /* FirebaseDatabaseSwift */; };
		D5CD2B382C56251D00A000E6 /* FirebaseDynamicLinks in Frameworks */ = {isa = PBXBuildFile; productRef = D5CD2B372C56251D00A000E6 /* FirebaseDynamicLinks */; };
		D5CD2B3A2C56251D00A000E6 /* FirebaseFirestore in Frameworks */ = {isa = PBXBuildFile; productRef = D5CD2B392C56251D00A000E6 /* FirebaseFirestore */; };
		D5CD2B3C2C56251D00A000E6 /* FirebaseFirestoreCombine-Community in Frameworks */ = {isa = PBXBuildFile; productRef = D5CD2B3B2C56251D00A000E6 /* FirebaseFirestoreCombine-Community */; };
		D5CD2B3E2C56251D00A000E6 /* FirebaseFirestoreSwift in Frameworks */ = {isa = PBXBuildFile; productRef = D5CD2B3D2C56251D00A000E6 /* FirebaseFirestoreSwift */; };
		D5CD2B402C56251D00A000E6 /* FirebaseFunctions in Frameworks */ = {isa = PBXBuildFile; productRef = D5CD2B3F2C56251D00A000E6 /* FirebaseFunctions */; };
		D5CD2B422C56251D00A000E6 /* FirebaseFunctionsCombine-Community in Frameworks */ = {isa = PBXBuildFile; productRef = D5CD2B412C56251D00A000E6 /* FirebaseFunctionsCombine-Community */; };
		D5CD2B442C56251D00A000E6 /* FirebaseInAppMessaging-Beta in Frameworks */ = {isa = PBXBuildFile; productRef = D5CD2B432C56251D00A000E6 /* FirebaseInAppMessaging-Beta */; };
		D5CD2B462C56251D00A000E6 /* FirebaseInAppMessagingSwift-Beta in Frameworks */ = {isa = PBXBuildFile; productRef = D5CD2B452C56251D00A000E6 /* FirebaseInAppMessagingSwift-Beta */; };
		D5CD2B482C56251D00A000E6 /* FirebaseInstallations in Frameworks */ = {isa = PBXBuildFile; productRef = D5CD2B472C56251D00A000E6 /* FirebaseInstallations */; };
		D5CD2B4A2C56251D00A000E6 /* FirebaseMLModelDownloader in Frameworks */ = {isa = PBXBuildFile; productRef = D5CD2B492C56251D00A000E6 /* FirebaseMLModelDownloader */; };
		D5CD2B4C2C56251D00A000E6 /* FirebaseMessaging in Frameworks */ = {isa = PBXBuildFile; productRef = D5CD2B4B2C56251D00A000E6 /* FirebaseMessaging */; };
		D5CD2B4E2C56251D00A000E6 /* FirebasePerformance in Frameworks */ = {isa = PBXBuildFile; productRef = D5CD2B4D2C56251D00A000E6 /* FirebasePerformance */; };
		D5CD2B502C56251D00A000E6 /* FirebaseRemoteConfig in Frameworks */ = {isa = PBXBuildFile; productRef = D5CD2B4F2C56251D00A000E6 /* FirebaseRemoteConfig */; };
		D5CD2B522C56251D00A000E6 /* FirebaseRemoteConfigSwift in Frameworks */ = {isa = PBXBuildFile; productRef = D5CD2B512C56251D00A000E6 /* FirebaseRemoteConfigSwift */; };
		D5CD2B542C56251D00A000E6 /* FirebaseStorage in Frameworks */ = {isa = PBXBuildFile; productRef = D5CD2B532C56251D00A000E6 /* FirebaseStorage */; };
		D5CD2B562C56251D00A000E6 /* FirebaseStorageCombine-Community in Frameworks */ = {isa = PBXBuildFile; productRef = D5CD2B552C56251D00A000E6 /* FirebaseStorageCombine-Community */; };
		D5CD2B582C56251D00A000E6 /* FirebaseVertexAI-Preview in Frameworks */ = {isa = PBXBuildFile; productRef = D5CD2B572C56251D00A000E6 /* FirebaseVertexAI-Preview */; };
		D5CD2B5C2C5628ED00A000E6 /* RegistrationViewModel.swift in Sources */ = {isa = PBXBuildFile; fileRef = D5CD2B5B2C5628ED00A000E6 /* RegistrationViewModel.swift */; };
		D5CD2B5E2C5629FC00A000E6 /* AuthService.swift in Sources */ = {isa = PBXBuildFile; fileRef = D5CD2B5D2C5629FC00A000E6 /* AuthService.swift */; };
/* End PBXBuildFile section */

/* Begin PBXFileReference section */
		D527BF1C2C46383100E05BE2 /* EditProfileView.swift */ = {isa = PBXFileReference; lastKnownFileType = sourcecode.swift; path = EditProfileView.swift; sourceTree = "<group>"; };
		D558EBDD2C3E64B800DC62A6 /* Threads-iOSClone.app */ = {isa = PBXFileReference; explicitFileType = wrapper.application; includeInIndex = 0; path = "Threads-iOSClone.app"; sourceTree = BUILT_PRODUCTS_DIR; };
		D558EBE02C3E64B800DC62A6 /* Threads_iOSCloneApp.swift */ = {isa = PBXFileReference; lastKnownFileType = sourcecode.swift; path = Threads_iOSCloneApp.swift; sourceTree = "<group>"; };
		D558EBE22C3E64B800DC62A6 /* ContentView.swift */ = {isa = PBXFileReference; lastKnownFileType = sourcecode.swift; path = ContentView.swift; sourceTree = "<group>"; };
		D558EBE42C3E64B900DC62A6 /* Assets.xcassets */ = {isa = PBXFileReference; lastKnownFileType = folder.assetcatalog; path = Assets.xcassets; sourceTree = "<group>"; };
		D558EBE72C3E64B900DC62A6 /* Preview Assets.xcassets */ = {isa = PBXFileReference; lastKnownFileType = folder.assetcatalog; path = "Preview Assets.xcassets"; sourceTree = "<group>"; };
		D558EBF62C3E656A00DC62A6 /* LoginView.swift */ = {isa = PBXFileReference; lastKnownFileType = sourcecode.swift; path = LoginView.swift; sourceTree = "<group>"; };
		D558EBF82C3E6C2A00DC62A6 /* RegistrationView.swift */ = {isa = PBXFileReference; lastKnownFileType = sourcecode.swift; path = RegistrationView.swift; sourceTree = "<group>"; };
		D558EBFB2C3E6DD800DC62A6 /* TextFieldModifier.swift */ = {isa = PBXFileReference; lastKnownFileType = sourcecode.swift; path = TextFieldModifier.swift; sourceTree = "<group>"; };
		D558EBFE2C3E6FAE00DC62A6 /* AppTabView.swift */ = {isa = PBXFileReference; lastKnownFileType = sourcecode.swift; path = AppTabView.swift; sourceTree = "<group>"; };
		D558EC022C3E738800DC62A6 /* FeedView.swift */ = {isa = PBXFileReference; lastKnownFileType = sourcecode.swift; path = FeedView.swift; sourceTree = "<group>"; };
		D558EC062C3E73D600DC62A6 /* ExploreView.swift */ = {isa = PBXFileReference; lastKnownFileType = sourcecode.swift; path = ExploreView.swift; sourceTree = "<group>"; };
		D558EC0E2C3E748A00DC62A6 /* CreateThreadView.swift */ = {isa = PBXFileReference; lastKnownFileType = sourcecode.swift; path = CreateThreadView.swift; sourceTree = "<group>"; };
		D558EC102C3E749B00DC62A6 /* ActivityView.swift */ = {isa = PBXFileReference; lastKnownFileType = sourcecode.swift; path = ActivityView.swift; sourceTree = "<group>"; };
		D558EC122C3E74A800DC62A6 /* ProfileView.swift */ = {isa = PBXFileReference; lastKnownFileType = sourcecode.swift; path = ProfileView.swift; sourceTree = "<group>"; };
		D558EC142C3E767800DC62A6 /* ThreadCell.swift */ = {isa = PBXFileReference; lastKnownFileType = sourcecode.swift; path = ThreadCell.swift; sourceTree = "<group>"; };
		D558EC172C3E878700DC62A6 /* CircleProfileImageView.swift */ = {isa = PBXFileReference; lastKnownFileType = sourcecode.swift; path = CircleProfileImageView.swift; sourceTree = "<group>"; };
		D558EC192C3E883B00DC62A6 /* UserCell.swift */ = {isa = PBXFileReference; lastKnownFileType = sourcecode.swift; path = UserCell.swift; sourceTree = "<group>"; };
		D558EC1C2C3E8C2300DC62A6 /* ProfileThreadFilter.swift */ = {isa = PBXFileReference; lastKnownFileType = sourcecode.swift; path = ProfileThreadFilter.swift; sourceTree = "<group>"; };
		D559EC272C7F08C00058302A /* CurrentUserProfileView.swift */ = {isa = PBXFileReference; lastKnownFileType = sourcecode.swift; path = CurrentUserProfileView.swift; sourceTree = "<group>"; };
		D559EC292C7F08D50058302A /* OtherUserProfileView.swift */ = {isa = PBXFileReference; lastKnownFileType = sourcecode.swift; path = OtherUserProfileView.swift; sourceTree = "<group>"; };
		D559EC2C2C7F1B5E0058302A /* ProfileHeaderView.swift */ = {isa = PBXFileReference; lastKnownFileType = sourcecode.swift; path = ProfileHeaderView.swift; sourceTree = "<group>"; };
		D559EC2E2C7F1CEF0058302A /* UserContentListView.swift */ = {isa = PBXFileReference; lastKnownFileType = sourcecode.swift; path = UserContentListView.swift; sourceTree = "<group>"; };
		D559EC322C80056B0058302A /* EditProfileViewModel.swift */ = {isa = PBXFileReference; lastKnownFileType = sourcecode.swift; path = EditProfileViewModel.swift; sourceTree = "<group>"; };
		D559EC342C8008870058302A /* ImageUploader.swift */ = {isa = PBXFileReference; lastKnownFileType = sourcecode.swift; path = ImageUploader.swift; sourceTree = "<group>"; };
		D559EC362C801E500058302A /* Thread.swift */ = {isa = PBXFileReference; lastKnownFileType = sourcecode.swift; path = Thread.swift; sourceTree = "<group>"; };
		D559EC392C801F320058302A /* CreateThreadViewModel.swift */ = {isa = PBXFileReference; lastKnownFileType = sourcecode.swift; path = CreateThreadViewModel.swift; sourceTree = "<group>"; };
		D559EC3C2C801F520058302A /* ThreadService.swift */ = {isa = PBXFileReference; lastKnownFileType = sourcecode.swift; path = ThreadService.swift; sourceTree = "<group>"; };
		D559EC3F2C8026410058302A /* FeedViewModel.swift */ = {isa = PBXFileReference; lastKnownFileType = sourcecode.swift; path = FeedViewModel.swift; sourceTree = "<group>"; };
		D559EC422C8042400058302A /* UserContentViewModel.swift */ = {isa = PBXFileReference; lastKnownFileType = sourcecode.swift; path = UserContentViewModel.swift; sourceTree = "<group>"; };
		D559EC442C8047E90058302A /* Timestamp.swift */ = {isa = PBXFileReference; lastKnownFileType = sourcecode.swift; path = Timestamp.swift; sourceTree = "<group>"; };
		D56DF3E22C68A4EC002521E1 /* ContentViewModel.swift */ = {isa = PBXFileReference; lastKnownFileType = sourcecode.swift; path = ContentViewModel.swift; sourceTree = "<group>"; };
		D56DF3E42C68A967002521E1 /* LoginViewModel.swift */ = {isa = PBXFileReference; lastKnownFileType = sourcecode.swift; path = LoginViewModel.swift; sourceTree = "<group>"; };
		D56DF3E62C68ADC0002521E1 /* User.swift */ = {isa = PBXFileReference; lastKnownFileType = sourcecode.swift; path = User.swift; sourceTree = "<group>"; };
		D56DF3E92C68B187002521E1 /* UserService.swift */ = {isa = PBXFileReference; lastKnownFileType = sourcecode.swift; path = UserService.swift; sourceTree = "<group>"; };
		D56DF3EC2C68B455002521E1 /* ProfileViewModel.swift */ = {isa = PBXFileReference; lastKnownFileType = sourcecode.swift; path = ProfileViewModel.swift; sourceTree = "<group>"; };
		D56DF3EF2C68BF42002521E1 /* ExploreViewModel.swift */ = {isa = PBXFileReference; lastKnownFileType = sourcecode.swift; path = ExploreViewModel.swift; sourceTree = "<group>"; };
		D56DF3F12C68C26B002521E1 /* PreviewProvider.swift */ = {isa = PBXFileReference; lastKnownFileType = sourcecode.swift; path = PreviewProvider.swift; sourceTree = "<group>"; };
		D5CD2B1E2C56247100A000E6 /* GoogleService-Info.plist */ = {isa = PBXFileReference; fileEncoding = 4; lastKnownFileType = text.plist.xml; path = "GoogleService-Info.plist"; sourceTree = "<group>"; };
		D5CD2B5B2C5628ED00A000E6 /* RegistrationViewModel.swift */ = {isa = PBXFileReference; lastKnownFileType = sourcecode.swift; path = RegistrationViewModel.swift; sourceTree = "<group>"; };
		D5CD2B5D2C5629FC00A000E6 /* AuthService.swift */ = {isa = PBXFileReference; lastKnownFileType = sourcecode.swift; path = AuthService.swift; sourceTree = "<group>"; };
/* End PBXFileReference section */

/* Begin PBXFrameworksBuildPhase section */
		D558EBDA2C3E64B800DC62A6 /* Frameworks */ = {
			isa = PBXFrameworksBuildPhase;
			buildActionMask = 2147483647;
			files = (
				D5CD2B342C56251D00A000E6 /* FirebaseDatabase in Frameworks */,
				D5CD2B422C56251D00A000E6 /* FirebaseFunctionsCombine-Community in Frameworks */,
				D5CD2B3A2C56251D00A000E6 /* FirebaseFirestore in Frameworks */,
				D5CD2B262C56251D00A000E6 /* FirebaseAnalyticsSwift in Frameworks */,
				D5CD2B222C56251D00A000E6 /* FirebaseAnalytics in Frameworks */,
				D5CD2B242C56251D00A000E6 /* FirebaseAnalyticsOnDeviceConversion in Frameworks */,
				D5CD2B4A2C56251D00A000E6 /* FirebaseMLModelDownloader in Frameworks */,
				D5CD2B3E2C56251D00A000E6 /* FirebaseFirestoreSwift in Frameworks */,
				D559EC482C805E420058302A /* Kingfisher in Frameworks */,
				D5CD2B2A2C56251D00A000E6 /* FirebaseAppCheck in Frameworks */,
				D5CD2B282C56251D00A000E6 /* FirebaseAnalyticsWithoutAdIdSupport in Frameworks */,
				D5CD2B2E2C56251D00A000E6 /* FirebaseAuth in Frameworks */,
				D5CD2B322C56251D00A000E6 /* FirebaseCrashlytics in Frameworks */,
				D5CD2B522C56251D00A000E6 /* FirebaseRemoteConfigSwift in Frameworks */,
				D5CD2B442C56251D00A000E6 /* FirebaseInAppMessaging-Beta in Frameworks */,
				D5CD2B362C56251D00A000E6 /* FirebaseDatabaseSwift in Frameworks */,
				D5CD2B402C56251D00A000E6 /* FirebaseFunctions in Frameworks */,
				D5CD2B562C56251D00A000E6 /* FirebaseStorageCombine-Community in Frameworks */,
				D5CD2B502C56251D00A000E6 /* FirebaseRemoteConfig in Frameworks */,
				D5CD2B2C2C56251D00A000E6 /* FirebaseAppDistribution-Beta in Frameworks */,
				D5CD2B302C56251D00A000E6 /* FirebaseAuthCombine-Community in Frameworks */,
				D5CD2B4E2C56251D00A000E6 /* FirebasePerformance in Frameworks */,
				D5CD2B462C56251D00A000E6 /* FirebaseInAppMessagingSwift-Beta in Frameworks */,
				D5CD2B542C56251D00A000E6 /* FirebaseStorage in Frameworks */,
				D5CD2B382C56251D00A000E6 /* FirebaseDynamicLinks in Frameworks */,
				D5CD2B582C56251D00A000E6 /* FirebaseVertexAI-Preview in Frameworks */,
				D5CD2B3C2C56251D00A000E6 /* FirebaseFirestoreCombine-Community in Frameworks */,
				D5CD2B4C2C56251D00A000E6 /* FirebaseMessaging in Frameworks */,
				D5CD2B482C56251D00A000E6 /* FirebaseInstallations in Frameworks */,
			);
			runOnlyForDeploymentPostprocessing = 0;
		};
/* End PBXFrameworksBuildPhase section */

/* Begin PBXGroup section */
		D527BF1B2C4637E700E05BE2 /* EditProfile */ = {
			isa = PBXGroup;
			children = (
				D527BF1C2C46383100E05BE2 /* EditProfileView.swift */,
				D559EC322C80056B0058302A /* EditProfileViewModel.swift */,
			);
			path = EditProfile;
			sourceTree = "<group>";
		};
		D558EBD42C3E64B800DC62A6 = {
			isa = PBXGroup;
			children = (
				D558EBDF2C3E64B800DC62A6 /* Threads-iOSClone */,
				D558EBDE2C3E64B800DC62A6 /* Products */,
			);
			sourceTree = "<group>";
		};
		D558EBDE2C3E64B800DC62A6 /* Products */ = {
			isa = PBXGroup;
			children = (
				D558EBDD2C3E64B800DC62A6 /* Threads-iOSClone.app */,
			);
			name = Products;
			sourceTree = "<group>";
		};
		D558EBDF2C3E64B800DC62A6 /* Threads-iOSClone */ = {
			isa = PBXGroup;
			children = (
				D558EBEF2C3E64F200DC62A6 /* App */,
				D558EBF22C3E650A00DC62A6 /* Services */,
				D558EBF12C3E650300DC62A6 /* Model */,
				D558EBF02C3E64F900DC62A6 /* Extensions */,
				D558EBFA2C3E6DB500DC62A6 /* Utils */,
				D558EBEE2C3E64ED00DC62A6 /* Core */,
				D558EBE42C3E64B900DC62A6 /* Assets.xcassets */,
				D558EBE62C3E64B900DC62A6 /* Preview Content */,
			);
			path = "Threads-iOSClone";
			sourceTree = "<group>";
		};
		D558EBE62C3E64B900DC62A6 /* Preview Content */ = {
			isa = PBXGroup;
			children = (
				D558EBE72C3E64B900DC62A6 /* Preview Assets.xcassets */,
			);
			path = "Preview Content";
			sourceTree = "<group>";
		};
		D558EBEE2C3E64ED00DC62A6 /* Core */ = {
			isa = PBXGroup;
			children = (
				D558EC092C3E744D00DC62A6 /* Activity */,
				D558EBF32C3E653500DC62A6 /* Auth */,
				D558EC162C3E877100DC62A6 /* Components */,
				D558EC042C3E73BF00DC62A6 /* Explore */,
				D558EC002C3E735F00DC62A6 /* Feed */,
				D558EC0A2C3E745700DC62A6 /* Profile */,
				D558EBFD2C3E6F9800DC62A6 /* Tabbar */,
				D558EC082C3E73FD00DC62A6 /* ThreadCreation */,
				D558EBF52C3E655100DC62A6 /* Root */,
			);
			path = Core;
			sourceTree = "<group>";
		};
		D558EBEF2C3E64F200DC62A6 /* App */ = {
			isa = PBXGroup;
			children = (
				D558EBE02C3E64B800DC62A6 /* Threads_iOSCloneApp.swift */,
			);
			path = App;
			sourceTree = "<group>";
		};
		D558EBF02C3E64F900DC62A6 /* Extensions */ = {
			isa = PBXGroup;
			children = (
				D56DF3F12C68C26B002521E1 /* PreviewProvider.swift */,
				D559EC442C8047E90058302A /* Timestamp.swift */,
			);
			path = Extensions;
			sourceTree = "<group>";
		};
		D558EBF12C3E650300DC62A6 /* Model */ = {
			isa = PBXGroup;
			children = (
				D56DF3E62C68ADC0002521E1 /* User.swift */,
				D559EC362C801E500058302A /* Thread.swift */,
			);
			path = Model;
			sourceTree = "<group>";
		};
		D558EBF22C3E650A00DC62A6 /* Services */ = {
			isa = PBXGroup;
			children = (
				D559EC3B2C801F450058302A /* Thread */,
				D56DF3E82C68B170002521E1 /* User */,
			);
			path = Services;
			sourceTree = "<group>";
		};
		D558EBF32C3E653500DC62A6 /* Auth */ = {
			isa = PBXGroup;
			children = (
				D5CD2B5A2C5628C000A000E6 /* Service */,
				D5CD2B592C5628B600A000E6 /* ViewModel */,
				D558EBF42C3E653D00DC62A6 /* View */,
			);
			path = Auth;
			sourceTree = "<group>";
		};
		D558EBF42C3E653D00DC62A6 /* View */ = {
			isa = PBXGroup;
			children = (
				D558EBF62C3E656A00DC62A6 /* LoginView.swift */,
				D558EBF82C3E6C2A00DC62A6 /* RegistrationView.swift */,
			);
			path = View;
			sourceTree = "<group>";
		};
		D558EBF52C3E655100DC62A6 /* Root */ = {
			isa = PBXGroup;
			children = (
				D558EBE22C3E64B800DC62A6 /* ContentView.swift */,
				D56DF3E22C68A4EC002521E1 /* ContentViewModel.swift */,
			);
			path = Root;
			sourceTree = "<group>";
		};
		D558EBFA2C3E6DB500DC62A6 /* Utils */ = {
			isa = PBXGroup;
			children = (
				D5CD2B1E2C56247100A000E6 /* GoogleService-Info.plist */,
				D558EBFB2C3E6DD800DC62A6 /* TextFieldModifier.swift */,
			);
			path = Utils;
			sourceTree = "<group>";
		};
		D558EBFD2C3E6F9800DC62A6 /* Tabbar */ = {
			isa = PBXGroup;
			children = (
				D558EBFE2C3E6FAE00DC62A6 /* AppTabView.swift */,
			);
			path = Tabbar;
			sourceTree = "<group>";
		};
		D558EC002C3E735F00DC62A6 /* Feed */ = {
			isa = PBXGroup;
			children = (
				D559EC3E2C8026310058302A /* ViewModel */,
				D558EC012C3E736B00DC62A6 /* View */,
			);
			path = Feed;
			sourceTree = "<group>";
		};
		D558EC012C3E736B00DC62A6 /* View */ = {
			isa = PBXGroup;
			children = (
				D558EC022C3E738800DC62A6 /* FeedView.swift */,
			);
			path = View;
			sourceTree = "<group>";
		};
		D558EC042C3E73BF00DC62A6 /* Explore */ = {
			isa = PBXGroup;
			children = (
				D56DF3EE2C68BF36002521E1 /* ViewModel */,
				D558EC052C3E73C600DC62A6 /* View */,
			);
			path = Explore;
			sourceTree = "<group>";
		};
		D558EC052C3E73C600DC62A6 /* View */ = {
			isa = PBXGroup;
			children = (
				D558EC062C3E73D600DC62A6 /* ExploreView.swift */,
			);
			path = View;
			sourceTree = "<group>";
		};
		D558EC082C3E73FD00DC62A6 /* ThreadCreation */ = {
			isa = PBXGroup;
			children = (
				D559EC382C801F200058302A /* ViewModel */,
				D558EC0B2C3E746300DC62A6 /* View */,
			);
			path = ThreadCreation;
			sourceTree = "<group>";
		};
		D558EC092C3E744D00DC62A6 /* Activity */ = {
			isa = PBXGroup;
			children = (
				D558EC0C2C3E746800DC62A6 /* View */,
			);
			path = Activity;
			sourceTree = "<group>";
		};
		D558EC0A2C3E745700DC62A6 /* Profile */ = {
			isa = PBXGroup;
			children = (
				D559EC2B2C7F1B450058302A /* Components */,
				D527BF1B2C4637E700E05BE2 /* EditProfile */,
				D558EC1B2C3E8C0F00DC62A6 /* Model */,
				D558EC0D2C3E746C00DC62A6 /* View */,
				D56DF3EB2C68B43F002521E1 /* ViewModel */,
			);
			path = Profile;
			sourceTree = "<group>";
		};
		D558EC0B2C3E746300DC62A6 /* View */ = {
			isa = PBXGroup;
			children = (
				D558EC0E2C3E748A00DC62A6 /* CreateThreadView.swift */,
			);
			path = View;
			sourceTree = "<group>";
		};
		D558EC0C2C3E746800DC62A6 /* View */ = {
			isa = PBXGroup;
			children = (
				D558EC102C3E749B00DC62A6 /* ActivityView.swift */,
			);
			path = View;
			sourceTree = "<group>";
		};
		D558EC0D2C3E746C00DC62A6 /* View */ = {
			isa = PBXGroup;
			children = (
				D558EC122C3E74A800DC62A6 /* ProfileView.swift */,
				D559EC272C7F08C00058302A /* CurrentUserProfileView.swift */,
				D559EC292C7F08D50058302A /* OtherUserProfileView.swift */,
			);
			path = View;
			sourceTree = "<group>";
		};
		D558EC162C3E877100DC62A6 /* Components */ = {
			isa = PBXGroup;
			children = (
				D558EC172C3E878700DC62A6 /* CircleProfileImageView.swift */,
				D558EC192C3E883B00DC62A6 /* UserCell.swift */,
				D558EC142C3E767800DC62A6 /* ThreadCell.swift */,
			);
			path = Components;
			sourceTree = "<group>";
		};
		D558EC1B2C3E8C0F00DC62A6 /* Model */ = {
			isa = PBXGroup;
			children = (
				D558EC1C2C3E8C2300DC62A6 /* ProfileThreadFilter.swift */,
			);
			path = Model;
			sourceTree = "<group>";
		};
		D559EC2B2C7F1B450058302A /* Components */ = {
			isa = PBXGroup;
			children = (
				D559EC412C8042210058302A /* ViewModel */,
				D559EC2C2C7F1B5E0058302A /* ProfileHeaderView.swift */,
				D559EC2E2C7F1CEF0058302A /* UserContentListView.swift */,
			);
			path = Components;
			sourceTree = "<group>";
		};
		D559EC382C801F200058302A /* ViewModel */ = {
			isa = PBXGroup;
			children = (
				D559EC392C801F320058302A /* CreateThreadViewModel.swift */,
			);
			path = ViewModel;
			sourceTree = "<group>";
		};
		D559EC3B2C801F450058302A /* Thread */ = {
			isa = PBXGroup;
			children = (
				D559EC3C2C801F520058302A /* ThreadService.swift */,
			);
			path = Thread;
			sourceTree = "<group>";
		};
		D559EC3E2C8026310058302A /* ViewModel */ = {
			isa = PBXGroup;
			children = (
				D559EC3F2C8026410058302A /* FeedViewModel.swift */,
			);
			path = ViewModel;
			sourceTree = "<group>";
		};
		D559EC412C8042210058302A /* ViewModel */ = {
			isa = PBXGroup;
			children = (
				D559EC422C8042400058302A /* UserContentViewModel.swift */,
			);
			path = ViewModel;
			sourceTree = "<group>";
		};
		D56DF3E82C68B170002521E1 /* User */ = {
			isa = PBXGroup;
			children = (
				D56DF3E92C68B187002521E1 /* UserService.swift */,
				D559EC342C8008870058302A /* ImageUploader.swift */,
			);
			path = User;
			sourceTree = "<group>";
		};
		D56DF3EB2C68B43F002521E1 /* ViewModel */ = {
			isa = PBXGroup;
			children = (
				D56DF3EC2C68B455002521E1 /* ProfileViewModel.swift */,
			);
			path = ViewModel;
			sourceTree = "<group>";
		};
		D56DF3EE2C68BF36002521E1 /* ViewModel */ = {
			isa = PBXGroup;
			children = (
				D56DF3EF2C68BF42002521E1 /* ExploreViewModel.swift */,
			);
			path = ViewModel;
			sourceTree = "<group>";
		};
		D5CD2B592C5628B600A000E6 /* ViewModel */ = {
			isa = PBXGroup;
			children = (
				D5CD2B5B2C5628ED00A000E6 /* RegistrationViewModel.swift */,
				D56DF3E42C68A967002521E1 /* LoginViewModel.swift */,
			);
			path = ViewModel;
			sourceTree = "<group>";
		};
		D5CD2B5A2C5628C000A000E6 /* Service */ = {
			isa = PBXGroup;
			children = (
				D5CD2B5D2C5629FC00A000E6 /* AuthService.swift */,
			);
			path = Service;
			sourceTree = "<group>";
		};
/* End PBXGroup section */

/* Begin PBXNativeTarget section */
		D558EBDC2C3E64B800DC62A6 /* Threads-iOSClone */ = {
			isa = PBXNativeTarget;
			buildConfigurationList = D558EBEB2C3E64B900DC62A6 /* Build configuration list for PBXNativeTarget "Threads-iOSClone" */;
			buildPhases = (
				D558EBD92C3E64B800DC62A6 /* Sources */,
				D558EBDA2C3E64B800DC62A6 /* Frameworks */,
				D558EBDB2C3E64B800DC62A6 /* Resources */,
			);
			buildRules = (
			);
			dependencies = (
			);
			name = "Threads-iOSClone";
			packageProductDependencies = (
				D5CD2B212C56251D00A000E6 /* FirebaseAnalytics */,
				D5CD2B232C56251D00A000E6 /* FirebaseAnalyticsOnDeviceConversion */,
				D5CD2B252C56251D00A000E6 /* FirebaseAnalyticsSwift */,
				D5CD2B272C56251D00A000E6 /* FirebaseAnalyticsWithoutAdIdSupport */,
				D5CD2B292C56251D00A000E6 /* FirebaseAppCheck */,
				D5CD2B2B2C56251D00A000E6 /* FirebaseAppDistribution-Beta */,
				D5CD2B2D2C56251D00A000E6 /* FirebaseAuth */,
				D5CD2B2F2C56251D00A000E6 /* FirebaseAuthCombine-Community */,
				D5CD2B312C56251D00A000E6 /* FirebaseCrashlytics */,
				D5CD2B332C56251D00A000E6 /* FirebaseDatabase */,
				D5CD2B352C56251D00A000E6 /* FirebaseDatabaseSwift */,
				D5CD2B372C56251D00A000E6 /* FirebaseDynamicLinks */,
				D5CD2B392C56251D00A000E6 /* FirebaseFirestore */,
				D5CD2B3B2C56251D00A000E6 /* FirebaseFirestoreCombine-Community */,
				D5CD2B3D2C56251D00A000E6 /* FirebaseFirestoreSwift */,
				D5CD2B3F2C56251D00A000E6 /* FirebaseFunctions */,
				D5CD2B412C56251D00A000E6 /* FirebaseFunctionsCombine-Community */,
				D5CD2B432C56251D00A000E6 /* FirebaseInAppMessaging-Beta */,
				D5CD2B452C56251D00A000E6 /* FirebaseInAppMessagingSwift-Beta */,
				D5CD2B472C56251D00A000E6 /* FirebaseInstallations */,
				D5CD2B492C56251D00A000E6 /* FirebaseMLModelDownloader */,
				D5CD2B4B2C56251D00A000E6 /* FirebaseMessaging */,
				D5CD2B4D2C56251D00A000E6 /* FirebasePerformance */,
				D5CD2B4F2C56251D00A000E6 /* FirebaseRemoteConfig */,
				D5CD2B512C56251D00A000E6 /* FirebaseRemoteConfigSwift */,
				D5CD2B532C56251D00A000E6 /* FirebaseStorage */,
				D5CD2B552C56251D00A000E6 /* FirebaseStorageCombine-Community */,
				D5CD2B572C56251D00A000E6 /* FirebaseVertexAI-Preview */,
				D559EC472C805E420058302A /* Kingfisher */,
			);
			productName = "Threads-iOSClone";
			productReference = D558EBDD2C3E64B800DC62A6 /* Threads-iOSClone.app */;
			productType = "com.apple.product-type.application";
		};
/* End PBXNativeTarget section */

/* Begin PBXProject section */
		D558EBD52C3E64B800DC62A6 /* Project object */ = {
			isa = PBXProject;
			attributes = {
				BuildIndependentTargetsInParallel = 1;
				LastSwiftUpdateCheck = 1510;
				LastUpgradeCheck = 1510;
				TargetAttributes = {
					D558EBDC2C3E64B800DC62A6 = {
						CreatedOnToolsVersion = 15.1;
					};
				};
			};
			buildConfigurationList = D558EBD82C3E64B800DC62A6 /* Build configuration list for PBXProject "Threads-iOSClone" */;
			compatibilityVersion = "Xcode 14.0";
			developmentRegion = en;
			hasScannedForEncodings = 0;
			knownRegions = (
				en,
				Base,
			);
			mainGroup = D558EBD42C3E64B800DC62A6;
			packageReferences = (
				D5CD2B202C56251D00A000E6 /* XCRemoteSwiftPackageReference "firebase-ios-sdk" */,
				D559EC462C805E420058302A /* XCRemoteSwiftPackageReference "Kingfisher" */,
			);
			productRefGroup = D558EBDE2C3E64B800DC62A6 /* Products */;
			projectDirPath = "";
			projectRoot = "";
			targets = (
				D558EBDC2C3E64B800DC62A6 /* Threads-iOSClone */,
			);
		};
/* End PBXProject section */

/* Begin PBXResourcesBuildPhase section */
		D558EBDB2C3E64B800DC62A6 /* Resources */ = {
			isa = PBXResourcesBuildPhase;
			buildActionMask = 2147483647;
			files = (
				D558EBE82C3E64B900DC62A6 /* Preview Assets.xcassets in Resources */,
				D558EBE52C3E64B900DC62A6 /* Assets.xcassets in Resources */,
				D5CD2B1F2C56247100A000E6 /* GoogleService-Info.plist in Resources */,
			);
			runOnlyForDeploymentPostprocessing = 0;
		};
/* End PBXResourcesBuildPhase section */

/* Begin PBXSourcesBuildPhase section */
		D558EBD92C3E64B800DC62A6 /* Sources */ = {
			isa = PBXSourcesBuildPhase;
			buildActionMask = 2147483647;
			files = (
				D559EC402C8026410058302A /* FeedViewModel.swift in Sources */,
				D558EC032C3E738800DC62A6 /* FeedView.swift in Sources */,
				D559EC2A2C7F08D50058302A /* OtherUserProfileView.swift in Sources */,
				D5CD2B5C2C5628ED00A000E6 /* RegistrationViewModel.swift in Sources */,
				D558EBF72C3E656A00DC62A6 /* LoginView.swift in Sources */,
				D5CD2B5E2C5629FC00A000E6 /* AuthService.swift in Sources */,
				D56DF3F22C68C26B002521E1 /* PreviewProvider.swift in Sources */,
				D559EC352C8008870058302A /* ImageUploader.swift in Sources */,
				D559EC3D2C801F520058302A /* ThreadService.swift in Sources */,
				D527BF1D2C46383100E05BE2 /* EditProfileView.swift in Sources */,
				D558EBFC2C3E6DD800DC62A6 /* TextFieldModifier.swift in Sources */,
				D559EC432C8042400058302A /* UserContentViewModel.swift in Sources */,
				D56DF3EA2C68B187002521E1 /* UserService.swift in Sources */,
				D558EC182C3E878700DC62A6 /* CircleProfileImageView.swift in Sources */,
				D558EC152C3E767800DC62A6 /* ThreadCell.swift in Sources */,
				D559EC2D2C7F1B5E0058302A /* ProfileHeaderView.swift in Sources */,
				D559EC332C80056B0058302A /* EditProfileViewModel.swift in Sources */,
				D56DF3E52C68A967002521E1 /* LoginViewModel.swift in Sources */,
				D558EC112C3E749B00DC62A6 /* ActivityView.swift in Sources */,
				D558EC1A2C3E883B00DC62A6 /* UserCell.swift in Sources */,
				D559EC3A2C801F320058302A /* CreateThreadViewModel.swift in Sources */,
				D56DF3F02C68BF42002521E1 /* ExploreViewModel.swift in Sources */,
				D559EC452C8047E90058302A /* Timestamp.swift in Sources */,
				D558EC0F2C3E748A00DC62A6 /* CreateThreadView.swift in Sources */,
				D559EC2F2C7F1CEF0058302A /* UserContentListView.swift in Sources */,
				D558EC1D2C3E8C2300DC62A6 /* ProfileThreadFilter.swift in Sources */,
				D56DF3E32C68A4EC002521E1 /* ContentViewModel.swift in Sources */,
				D56DF3ED2C68B455002521E1 /* ProfileViewModel.swift in Sources */,
				D558EBE32C3E64B800DC62A6 /* ContentView.swift in Sources */,
				D559EC282C7F08C00058302A /* CurrentUserProfileView.swift in Sources */,
				D558EBE12C3E64B800DC62A6 /* Threads_iOSCloneApp.swift in Sources */,
				D558EBFF2C3E6FAE00DC62A6 /* AppTabView.swift in Sources */,
				D558EC072C3E73D600DC62A6 /* ExploreView.swift in Sources */,
				D558EC132C3E74A800DC62A6 /* ProfileView.swift in Sources */,
				D558EBF92C3E6C2A00DC62A6 /* RegistrationView.swift in Sources */,
				D56DF3E72C68ADC0002521E1 /* User.swift in Sources */,
				D559EC372C801E500058302A /* Thread.swift in Sources */,
			);
			runOnlyForDeploymentPostprocessing = 0;
		};
/* End PBXSourcesBuildPhase section */

/* Begin XCBuildConfiguration section */
		D558EBE92C3E64B900DC62A6 /* Debug */ = {
			isa = XCBuildConfiguration;
			buildSettings = {
				ALWAYS_SEARCH_USER_PATHS = NO;
				ASSETCATALOG_COMPILER_GENERATE_SWIFT_ASSET_SYMBOL_EXTENSIONS = YES;
				CLANG_ANALYZER_NONNULL = YES;
				CLANG_ANALYZER_NUMBER_OBJECT_CONVERSION = YES_AGGRESSIVE;
				CLANG_CXX_LANGUAGE_STANDARD = "gnu++20";
				CLANG_ENABLE_MODULES = YES;
				CLANG_ENABLE_OBJC_ARC = YES;
				CLANG_ENABLE_OBJC_WEAK = YES;
				CLANG_WARN_BLOCK_CAPTURE_AUTORELEASING = YES;
				CLANG_WARN_BOOL_CONVERSION = YES;
				CLANG_WARN_COMMA = YES;
				CLANG_WARN_CONSTANT_CONVERSION = YES;
				CLANG_WARN_DEPRECATED_OBJC_IMPLEMENTATIONS = YES;
				CLANG_WARN_DIRECT_OBJC_ISA_USAGE = YES_ERROR;
				CLANG_WARN_DOCUMENTATION_COMMENTS = YES;
				CLANG_WARN_EMPTY_BODY = YES;
				CLANG_WARN_ENUM_CONVERSION = YES;
				CLANG_WARN_INFINITE_RECURSION = YES;
				CLANG_WARN_INT_CONVERSION = YES;
				CLANG_WARN_NON_LITERAL_NULL_CONVERSION = YES;
				CLANG_WARN_OBJC_IMPLICIT_RETAIN_SELF = YES;
				CLANG_WARN_OBJC_LITERAL_CONVERSION = YES;
				CLANG_WARN_OBJC_ROOT_CLASS = YES_ERROR;
				CLANG_WARN_QUOTED_INCLUDE_IN_FRAMEWORK_HEADER = YES;
				CLANG_WARN_RANGE_LOOP_ANALYSIS = YES;
				CLANG_WARN_STRICT_PROTOTYPES = YES;
				CLANG_WARN_SUSPICIOUS_MOVE = YES;
				CLANG_WARN_UNGUARDED_AVAILABILITY = YES_AGGRESSIVE;
				CLANG_WARN_UNREACHABLE_CODE = YES;
				CLANG_WARN__DUPLICATE_METHOD_MATCH = YES;
				COPY_PHASE_STRIP = NO;
				DEBUG_INFORMATION_FORMAT = dwarf;
				ENABLE_STRICT_OBJC_MSGSEND = YES;
				ENABLE_TESTABILITY = YES;
				ENABLE_USER_SCRIPT_SANDBOXING = YES;
				GCC_C_LANGUAGE_STANDARD = gnu17;
				GCC_DYNAMIC_NO_PIC = NO;
				GCC_NO_COMMON_BLOCKS = YES;
				GCC_OPTIMIZATION_LEVEL = 0;
				GCC_PREPROCESSOR_DEFINITIONS = (
					"DEBUG=1",
					"$(inherited)",
				);
				GCC_WARN_64_TO_32_BIT_CONVERSION = YES;
				GCC_WARN_ABOUT_RETURN_TYPE = YES_ERROR;
				GCC_WARN_UNDECLARED_SELECTOR = YES;
				GCC_WARN_UNINITIALIZED_AUTOS = YES_AGGRESSIVE;
				GCC_WARN_UNUSED_FUNCTION = YES;
				GCC_WARN_UNUSED_VARIABLE = YES;
				IPHONEOS_DEPLOYMENT_TARGET = 17.2;
				LOCALIZATION_PREFERS_STRING_CATALOGS = YES;
				MTL_ENABLE_DEBUG_INFO = INCLUDE_SOURCE;
				MTL_FAST_MATH = YES;
				ONLY_ACTIVE_ARCH = YES;
				SDKROOT = iphoneos;
				SWIFT_ACTIVE_COMPILATION_CONDITIONS = "DEBUG $(inherited)";
				SWIFT_OPTIMIZATION_LEVEL = "-Onone";
			};
			name = Debug;
		};
		D558EBEA2C3E64B900DC62A6 /* Release */ = {
			isa = XCBuildConfiguration;
			buildSettings = {
				ALWAYS_SEARCH_USER_PATHS = NO;
				ASSETCATALOG_COMPILER_GENERATE_SWIFT_ASSET_SYMBOL_EXTENSIONS = YES;
				CLANG_ANALYZER_NONNULL = YES;
				CLANG_ANALYZER_NUMBER_OBJECT_CONVERSION = YES_AGGRESSIVE;
				CLANG_CXX_LANGUAGE_STANDARD = "gnu++20";
				CLANG_ENABLE_MODULES = YES;
				CLANG_ENABLE_OBJC_ARC = YES;
				CLANG_ENABLE_OBJC_WEAK = YES;
				CLANG_WARN_BLOCK_CAPTURE_AUTORELEASING = YES;
				CLANG_WARN_BOOL_CONVERSION = YES;
				CLANG_WARN_COMMA = YES;
				CLANG_WARN_CONSTANT_CONVERSION = YES;
				CLANG_WARN_DEPRECATED_OBJC_IMPLEMENTATIONS = YES;
				CLANG_WARN_DIRECT_OBJC_ISA_USAGE = YES_ERROR;
				CLANG_WARN_DOCUMENTATION_COMMENTS = YES;
				CLANG_WARN_EMPTY_BODY = YES;
				CLANG_WARN_ENUM_CONVERSION = YES;
				CLANG_WARN_INFINITE_RECURSION = YES;
				CLANG_WARN_INT_CONVERSION = YES;
				CLANG_WARN_NON_LITERAL_NULL_CONVERSION = YES;
				CLANG_WARN_OBJC_IMPLICIT_RETAIN_SELF = YES;
				CLANG_WARN_OBJC_LITERAL_CONVERSION = YES;
				CLANG_WARN_OBJC_ROOT_CLASS = YES_ERROR;
				CLANG_WARN_QUOTED_INCLUDE_IN_FRAMEWORK_HEADER = YES;
				CLANG_WARN_RANGE_LOOP_ANALYSIS = YES;
				CLANG_WARN_STRICT_PROTOTYPES = YES;
				CLANG_WARN_SUSPICIOUS_MOVE = YES;
				CLANG_WARN_UNGUARDED_AVAILABILITY = YES_AGGRESSIVE;
				CLANG_WARN_UNREACHABLE_CODE = YES;
				CLANG_WARN__DUPLICATE_METHOD_MATCH = YES;
				COPY_PHASE_STRIP = NO;
				DEBUG_INFORMATION_FORMAT = "dwarf-with-dsym";
				ENABLE_NS_ASSERTIONS = NO;
				ENABLE_STRICT_OBJC_MSGSEND = YES;
				ENABLE_USER_SCRIPT_SANDBOXING = YES;
				GCC_C_LANGUAGE_STANDARD = gnu17;
				GCC_NO_COMMON_BLOCKS = YES;
				GCC_WARN_64_TO_32_BIT_CONVERSION = YES;
				GCC_WARN_ABOUT_RETURN_TYPE = YES_ERROR;
				GCC_WARN_UNDECLARED_SELECTOR = YES;
				GCC_WARN_UNINITIALIZED_AUTOS = YES_AGGRESSIVE;
				GCC_WARN_UNUSED_FUNCTION = YES;
				GCC_WARN_UNUSED_VARIABLE = YES;
				IPHONEOS_DEPLOYMENT_TARGET = 17.2;
				LOCALIZATION_PREFERS_STRING_CATALOGS = YES;
				MTL_ENABLE_DEBUG_INFO = NO;
				MTL_FAST_MATH = YES;
				SDKROOT = iphoneos;
				SWIFT_COMPILATION_MODE = wholemodule;
				VALIDATE_PRODUCT = YES;
			};
			name = Release;
		};
		D558EBEC2C3E64B900DC62A6 /* Debug */ = {
			isa = XCBuildConfiguration;
			buildSettings = {
				ASSETCATALOG_COMPILER_APPICON_NAME = AppIcon;
				ASSETCATALOG_COMPILER_GLOBAL_ACCENT_COLOR_NAME = AccentColor;
				CODE_SIGN_STYLE = Automatic;
				CURRENT_PROJECT_VERSION = 1;
				DEVELOPMENT_ASSET_PATHS = "\"Threads-iOSClone/Preview Content\"";
				DEVELOPMENT_TEAM = TJ4DPFCMFY;
				ENABLE_PREVIEWS = YES;
				GENERATE_INFOPLIST_FILE = YES;
				INFOPLIST_KEY_UIApplicationSceneManifest_Generation = YES;
				INFOPLIST_KEY_UIApplicationSupportsIndirectInputEvents = YES;
				INFOPLIST_KEY_UILaunchScreen_Generation = YES;
				INFOPLIST_KEY_UISupportedInterfaceOrientations_iPad = "UIInterfaceOrientationPortrait UIInterfaceOrientationPortraitUpsideDown UIInterfaceOrientationLandscapeLeft UIInterfaceOrientationLandscapeRight";
				INFOPLIST_KEY_UISupportedInterfaceOrientations_iPhone = "UIInterfaceOrientationPortrait UIInterfaceOrientationLandscapeLeft UIInterfaceOrientationLandscapeRight";
				LD_RUNPATH_SEARCH_PATHS = (
					"$(inherited)",
					"@executable_path/Frameworks",
				);
				MARKETING_VERSION = 1.0;
				PRODUCT_BUNDLE_IDENTIFIER = "cove.Threads-iOSClone";
				PRODUCT_NAME = "$(TARGET_NAME)";
				SWIFT_EMIT_LOC_STRINGS = YES;
				SWIFT_VERSION = 5.0;
				TARGETED_DEVICE_FAMILY = "1,2";
			};
			name = Debug;
		};
		D558EBED2C3E64B900DC62A6 /* Release */ = {
			isa = XCBuildConfiguration;
			buildSettings = {
				ASSETCATALOG_COMPILER_APPICON_NAME = AppIcon;
				ASSETCATALOG_COMPILER_GLOBAL_ACCENT_COLOR_NAME = AccentColor;
				CODE_SIGN_STYLE = Automatic;
				CURRENT_PROJECT_VERSION = 1;
				DEVELOPMENT_ASSET_PATHS = "\"Threads-iOSClone/Preview Content\"";
				DEVELOPMENT_TEAM = TJ4DPFCMFY;
				ENABLE_PREVIEWS = YES;
				GENERATE_INFOPLIST_FILE = YES;
				INFOPLIST_KEY_UIApplicationSceneManifest_Generation = YES;
				INFOPLIST_KEY_UIApplicationSupportsIndirectInputEvents = YES;
				INFOPLIST_KEY_UILaunchScreen_Generation = YES;
				INFOPLIST_KEY_UISupportedInterfaceOrientations_iPad = "UIInterfaceOrientationPortrait UIInterfaceOrientationPortraitUpsideDown UIInterfaceOrientationLandscapeLeft UIInterfaceOrientationLandscapeRight";
				INFOPLIST_KEY_UISupportedInterfaceOrientations_iPhone = "UIInterfaceOrientationPortrait UIInterfaceOrientationLandscapeLeft UIInterfaceOrientationLandscapeRight";
				LD_RUNPATH_SEARCH_PATHS = (
					"$(inherited)",
					"@executable_path/Frameworks",
				);
				MARKETING_VERSION = 1.0;
				PRODUCT_BUNDLE_IDENTIFIER = "cove.Threads-iOSClone";
				PRODUCT_NAME = "$(TARGET_NAME)";
				SWIFT_EMIT_LOC_STRINGS = YES;
				SWIFT_VERSION = 5.0;
				TARGETED_DEVICE_FAMILY = "1,2";
			};
			name = Release;
		};
/* End XCBuildConfiguration section */

/* Begin XCConfigurationList section */
		D558EBD82C3E64B800DC62A6 /* Build configuration list for PBXProject "Threads-iOSClone" */ = {
			isa = XCConfigurationList;
			buildConfigurations = (
				D558EBE92C3E64B900DC62A6 /* Debug */,
				D558EBEA2C3E64B900DC62A6 /* Release */,
			);
			defaultConfigurationIsVisible = 0;
			defaultConfigurationName = Release;
		};
		D558EBEB2C3E64B900DC62A6 /* Build configuration list for PBXNativeTarget "Threads-iOSClone" */ = {
			isa = XCConfigurationList;
			buildConfigurations = (
				D558EBEC2C3E64B900DC62A6 /* Debug */,
				D558EBED2C3E64B900DC62A6 /* Release */,
			);
			defaultConfigurationIsVisible = 0;
			defaultConfigurationName = Release;
		};
/* End XCConfigurationList section */

/* Begin XCRemoteSwiftPackageReference section */
		D559EC462C805E420058302A /* XCRemoteSwiftPackageReference "Kingfisher" */ = {
			isa = XCRemoteSwiftPackageReference;
			repositoryURL = "https://github.com/onevcat/Kingfisher";
			requirement = {
				kind = upToNextMajorVersion;
				minimumVersion = 7.12.0;
			};
		};
		D5CD2B202C56251D00A000E6 /* XCRemoteSwiftPackageReference "firebase-ios-sdk" */ = {
			isa = XCRemoteSwiftPackageReference;
			repositoryURL = "https://github.com/firebase/firebase-ios-sdk";
			requirement = {
				kind = upToNextMajorVersion;
				minimumVersion = 10.29.0;
			};
		};
/* End XCRemoteSwiftPackageReference section */

/* Begin XCSwiftPackageProductDependency section */
		D559EC472C805E420058302A /* Kingfisher */ = {
			isa = XCSwiftPackageProductDependency;
			package = D559EC462C805E420058302A /* XCRemoteSwiftPackageReference "Kingfisher" */;
			productName = Kingfisher;
		};
		D5CD2B212C56251D00A000E6 /* FirebaseAnalytics */ = {
			isa = XCSwiftPackageProductDependency;
			package = D5CD2B202C56251D00A000E6 /* XCRemoteSwiftPackageReference "firebase-ios-sdk" */;
			productName = FirebaseAnalytics;
		};
		D5CD2B232C56251D00A000E6 /* FirebaseAnalyticsOnDeviceConversion */ = {
			isa = XCSwiftPackageProductDependency;
			package = D5CD2B202C56251D00A000E6 /* XCRemoteSwiftPackageReference "firebase-ios-sdk" */;
			productName = FirebaseAnalyticsOnDeviceConversion;
		};
		D5CD2B252C56251D00A000E6 /* FirebaseAnalyticsSwift */ = {
			isa = XCSwiftPackageProductDependency;
			package = D5CD2B202C56251D00A000E6 /* XCRemoteSwiftPackageReference "firebase-ios-sdk" */;
			productName = FirebaseAnalyticsSwift;
		};
		D5CD2B272C56251D00A000E6 /* FirebaseAnalyticsWithoutAdIdSupport */ = {
			isa = XCSwiftPackageProductDependency;
			package = D5CD2B202C56251D00A000E6 /* XCRemoteSwiftPackageReference "firebase-ios-sdk" */;
			productName = FirebaseAnalyticsWithoutAdIdSupport;
		};
		D5CD2B292C56251D00A000E6 /* FirebaseAppCheck */ = {
			isa = XCSwiftPackageProductDependency;
			package = D5CD2B202C56251D00A000E6 /* XCRemoteSwiftPackageReference "firebase-ios-sdk" */;
			productName = FirebaseAppCheck;
		};
		D5CD2B2B2C56251D00A000E6 /* FirebaseAppDistribution-Beta */ = {
			isa = XCSwiftPackageProductDependency;
			package = D5CD2B202C56251D00A000E6 /* XCRemoteSwiftPackageReference "firebase-ios-sdk" */;
			productName = "FirebaseAppDistribution-Beta";
		};
		D5CD2B2D2C56251D00A000E6 /* FirebaseAuth */ = {
			isa = XCSwiftPackageProductDependency;
			package = D5CD2B202C56251D00A000E6 /* XCRemoteSwiftPackageReference "firebase-ios-sdk" */;
			productName = FirebaseAuth;
		};
		D5CD2B2F2C56251D00A000E6 /* FirebaseAuthCombine-Community */ = {
			isa = XCSwiftPackageProductDependency;
			package = D5CD2B202C56251D00A000E6 /* XCRemoteSwiftPackageReference "firebase-ios-sdk" */;
			productName = "FirebaseAuthCombine-Community";
		};
		D5CD2B312C56251D00A000E6 /* FirebaseCrashlytics */ = {
			isa = XCSwiftPackageProductDependency;
			package = D5CD2B202C56251D00A000E6 /* XCRemoteSwiftPackageReference "firebase-ios-sdk" */;
			productName = FirebaseCrashlytics;
		};
		D5CD2B332C56251D00A000E6 /* FirebaseDatabase */ = {
			isa = XCSwiftPackageProductDependency;
			package = D5CD2B202C56251D00A000E6 /* XCRemoteSwiftPackageReference "firebase-ios-sdk" */;
			productName = FirebaseDatabase;
		};
		D5CD2B352C56251D00A000E6 /* FirebaseDatabaseSwift */ = {
			isa = XCSwiftPackageProductDependency;
			package = D5CD2B202C56251D00A000E6 /* XCRemoteSwiftPackageReference "firebase-ios-sdk" */;
			productName = FirebaseDatabaseSwift;
		};
		D5CD2B372C56251D00A000E6 /* FirebaseDynamicLinks */ = {
			isa = XCSwiftPackageProductDependency;
			package = D5CD2B202C56251D00A000E6 /* XCRemoteSwiftPackageReference "firebase-ios-sdk" */;
			productName = FirebaseDynamicLinks;
		};
		D5CD2B392C56251D00A000E6 /* FirebaseFirestore */ = {
			isa = XCSwiftPackageProductDependency;
			package = D5CD2B202C56251D00A000E6 /* XCRemoteSwiftPackageReference "firebase-ios-sdk" */;
			productName = FirebaseFirestore;
		};
		D5CD2B3B2C56251D00A000E6 /* FirebaseFirestoreCombine-Community */ = {
			isa = XCSwiftPackageProductDependency;
			package = D5CD2B202C56251D00A000E6 /* XCRemoteSwiftPackageReference "firebase-ios-sdk" */;
			productName = "FirebaseFirestoreCombine-Community";
		};
		D5CD2B3D2C56251D00A000E6 /* FirebaseFirestoreSwift */ = {
			isa = XCSwiftPackageProductDependency;
			package = D5CD2B202C56251D00A000E6 /* XCRemoteSwiftPackageReference "firebase-ios-sdk" */;
			productName = FirebaseFirestoreSwift;
		};
		D5CD2B3F2C56251D00A000E6 /* FirebaseFunctions */ = {
			isa = XCSwiftPackageProductDependency;
			package = D5CD2B202C56251D00A000E6 /* XCRemoteSwiftPackageReference "firebase-ios-sdk" */;
			productName = FirebaseFunctions;
		};
		D5CD2B412C56251D00A000E6 /* FirebaseFunctionsCombine-Community */ = {
			isa = XCSwiftPackageProductDependency;
			package = D5CD2B202C56251D00A000E6 /* XCRemoteSwiftPackageReference "firebase-ios-sdk" */;
			productName = "FirebaseFunctionsCombine-Community";
		};
		D5CD2B432C56251D00A000E6 /* FirebaseInAppMessaging-Beta */ = {
			isa = XCSwiftPackageProductDependency;
			package = D5CD2B202C56251D00A000E6 /* XCRemoteSwiftPackageReference "firebase-ios-sdk" */;
			productName = "FirebaseInAppMessaging-Beta";
		};
		D5CD2B452C56251D00A000E6 /* FirebaseInAppMessagingSwift-Beta */ = {
			isa = XCSwiftPackageProductDependency;
			package = D5CD2B202C56251D00A000E6 /* XCRemoteSwiftPackageReference "firebase-ios-sdk" */;
			productName = "FirebaseInAppMessagingSwift-Beta";
		};
		D5CD2B472C56251D00A000E6 /* FirebaseInstallations */ = {
			isa = XCSwiftPackageProductDependency;
			package = D5CD2B202C56251D00A000E6 /* XCRemoteSwiftPackageReference "firebase-ios-sdk" */;
			productName = FirebaseInstallations;
		};
		D5CD2B492C56251D00A000E6 /* FirebaseMLModelDownloader */ = {
			isa = XCSwiftPackageProductDependency;
			package = D5CD2B202C56251D00A000E6 /* XCRemoteSwiftPackageReference "firebase-ios-sdk" */;
			productName = FirebaseMLModelDownloader;
		};
		D5CD2B4B2C56251D00A000E6 /* FirebaseMessaging */ = {
			isa = XCSwiftPackageProductDependency;
			package = D5CD2B202C56251D00A000E6 /* XCRemoteSwiftPackageReference "firebase-ios-sdk" */;
			productName = FirebaseMessaging;
		};
		D5CD2B4D2C56251D00A000E6 /* FirebasePerformance */ = {
			isa = XCSwiftPackageProductDependency;
			package = D5CD2B202C56251D00A000E6 /* XCRemoteSwiftPackageReference "firebase-ios-sdk" */;
			productName = FirebasePerformance;
		};
		D5CD2B4F2C56251D00A000E6 /* FirebaseRemoteConfig */ = {
			isa = XCSwiftPackageProductDependency;
			package = D5CD2B202C56251D00A000E6 /* XCRemoteSwiftPackageReference "firebase-ios-sdk" */;
			productName = FirebaseRemoteConfig;
		};
		D5CD2B512C56251D00A000E6 /* FirebaseRemoteConfigSwift */ = {
			isa = XCSwiftPackageProductDependency;
			package = D5CD2B202C56251D00A000E6 /* XCRemoteSwiftPackageReference "firebase-ios-sdk" */;
			productName = FirebaseRemoteConfigSwift;
		};
		D5CD2B532C56251D00A000E6 /* FirebaseStorage */ = {
			isa = XCSwiftPackageProductDependency;
			package = D5CD2B202C56251D00A000E6 /* XCRemoteSwiftPackageReference "firebase-ios-sdk" */;
			productName = FirebaseStorage;
		};
		D5CD2B552C56251D00A000E6 /* FirebaseStorageCombine-Community */ = {
			isa = XCSwiftPackageProductDependency;
			package = D5CD2B202C56251D00A000E6 /* XCRemoteSwiftPackageReference "firebase-ios-sdk" */;
			productName = "FirebaseStorageCombine-Community";
		};
		D5CD2B572C56251D00A000E6 /* FirebaseVertexAI-Preview */ = {
			isa = XCSwiftPackageProductDependency;
			package = D5CD2B202C56251D00A000E6 /* XCRemoteSwiftPackageReference "firebase-ios-sdk" */;
			productName = "FirebaseVertexAI-Preview";
		};
/* End XCSwiftPackageProductDependency section */
	};
	rootObject = D558EBD52C3E64B800DC62A6 /* Project object */;
}
